// !$*UTF8*$!
{
	archiveVersion = 1;
	classes = {
	};
	objectVersion = 46;
	objects = {

/* Begin PBXBuildFile section */
		24FC6DD51CBF7CC500B8B793 /* LnitialMenuViewController.m in Sources */ = {isa = PBXBuildFile; fileRef = 24FC6DD31CBF7CC500B8B793 /* LnitialMenuViewController.m */; };
		24FC6DD61CBF7CC500B8B793 /* LnitialMenuViewController.xib in Resources */ = {isa = PBXBuildFile; fileRef = 24FC6DD41CBF7CC500B8B793 /* LnitialMenuViewController.xib */; };
		24FC6DE61CC0A39000B8B793 /* ShippingAddressViewController.m in Sources */ = {isa = PBXBuildFile; fileRef = 24FC6DE41CC0A39000B8B793 /* ShippingAddressViewController.m */; };
		24FC6DE71CC0A39000B8B793 /* ShippingAddressViewController.xib in Resources */ = {isa = PBXBuildFile; fileRef = 24FC6DE51CC0A39000B8B793 /* ShippingAddressViewController.xib */; };
		24FC6DFB1CC0BDA100B8B793 /* SelectRiceShopViewController.m in Sources */ = {isa = PBXBuildFile; fileRef = 24FC6DF91CC0BDA100B8B793 /* SelectRiceShopViewController.m */; };
		24FC6DFC1CC0BDA100B8B793 /* SelectRiceShopViewController.xib in Resources */ = {isa = PBXBuildFile; fileRef = 24FC6DFA1CC0BDA100B8B793 /* SelectRiceShopViewController.xib */; };
		24FC6E001CC0BDFB00B8B793 /* SelectPayerViewController.m in Sources */ = {isa = PBXBuildFile; fileRef = 24FC6DFE1CC0BDFB00B8B793 /* SelectPayerViewController.m */; };
		24FC6E011CC0BDFB00B8B793 /* SelectPayerViewController.xib in Resources */ = {isa = PBXBuildFile; fileRef = 24FC6DFF1CC0BDFB00B8B793 /* SelectPayerViewController.xib */; };
		24FC6E071CC0C34400B8B793 /* TutorialBatteryViewController.m in Sources */ = {isa = PBXBuildFile; fileRef = 24FC6E051CC0C34400B8B793 /* TutorialBatteryViewController.m */; };
		24FC6E081CC0C34400B8B793 /* TutorialBatteryViewController.xib in Resources */ = {isa = PBXBuildFile; fileRef = 24FC6E061CC0C34400B8B793 /* TutorialBatteryViewController.xib */; };
		24FC6E0C1CC0C36300B8B793 /* TutorialSettiViewController.m in Sources */ = {isa = PBXBuildFile; fileRef = 24FC6E0A1CC0C36300B8B793 /* TutorialSettiViewController.m */; };
		24FC6E0D1CC0C36300B8B793 /* TutorialSettiViewController.xib in Resources */ = {isa = PBXBuildFile; fileRef = 24FC6E0B1CC0C36300B8B793 /* TutorialSettiViewController.xib */; };
		24FC6E181CC0D1F600B8B793 /* SendPaymentPermitViewController.m in Sources */ = {isa = PBXBuildFile; fileRef = 24FC6E161CC0D1F600B8B793 /* SendPaymentPermitViewController.m */; };
		24FC6E191CC0D1F600B8B793 /* SendPaymentPermitViewController.xib in Resources */ = {isa = PBXBuildFile; fileRef = 24FC6E171CC0D1F600B8B793 /* SendPaymentPermitViewController.xib */; };
		24FC6E1E1CC49E0200B8B793 /* ConfirmationTerumiIdViewController.m in Sources */ = {isa = PBXBuildFile; fileRef = 24FC6E1C1CC49E0200B8B793 /* ConfirmationTerumiIdViewController.m */; };
		24FC6E1F1CC49E0200B8B793 /* ConfirmationTerumiIdViewController.xib in Resources */ = {isa = PBXBuildFile; fileRef = 24FC6E1D1CC49E0200B8B793 /* ConfirmationTerumiIdViewController.xib */; };
		24FC6E241CC49E4A00B8B793 /* ApprovalSettlementViewController.m in Sources */ = {isa = PBXBuildFile; fileRef = 24FC6E221CC49E4A00B8B793 /* ApprovalSettlementViewController.m */; };
		24FC6E251CC49E4A00B8B793 /* ApprovalSettlementViewController.xib in Resources */ = {isa = PBXBuildFile; fileRef = 24FC6E231CC49E4A00B8B793 /* ApprovalSettlementViewController.xib */; };
		24FC6E2E1CC710D700B8B793 /* SettlementOthersViewController.m in Sources */ = {isa = PBXBuildFile; fileRef = 24FC6E2C1CC710D700B8B793 /* SettlementOthersViewController.m */; };
		24FC6E2F1CC710D700B8B793 /* SettlementOthersViewController.xib in Resources */ = {isa = PBXBuildFile; fileRef = 24FC6E2D1CC710D700B8B793 /* SettlementOthersViewController.xib */; };
		24FC6E331CC7197A00B8B793 /* RiceSelectTableViewCell.m in Sources */ = {isa = PBXBuildFile; fileRef = 24FC6E311CC7197900B8B793 /* RiceSelectTableViewCell.m */; };
		24FC6E341CC7197A00B8B793 /* RiceSelectTableViewCell.xib in Resources */ = {isa = PBXBuildFile; fileRef = 24FC6E321CC7197900B8B793 /* RiceSelectTableViewCell.xib */; };
		24FC6E431CC8960000B8B793 /* FindingTerumiIdViewController.m in Sources */ = {isa = PBXBuildFile; fileRef = 24FC6E411CC8960000B8B793 /* FindingTerumiIdViewController.m */; };
		24FC6E441CC8960000B8B793 /* FindingTerumiIdViewController.xib in Resources */ = {isa = PBXBuildFile; fileRef = 24FC6E421CC8960000B8B793 /* FindingTerumiIdViewController.xib */; };
		24FC6E471CC9B8DF00B8B793 /* menu_Preview.png in Resources */ = {isa = PBXBuildFile; fileRef = 24FC6E451CC9B8DF00B8B793 /* menu_Preview.png */; };
		24FC6E481CC9B8DF00B8B793 /* terumi_Id.png in Resources */ = {isa = PBXBuildFile; fileRef = 24FC6E461CC9B8DF00B8B793 /* terumi_Id.png */; };
		2E80A0B34398F12472C1B44B /* libPods-terumi.a in Frameworks */ = {isa = PBXBuildFile; fileRef = 87BDC6B262548A8D0331DB15 /* libPods-terumi.a */; };
		3710329B1CA5198D00E76D9A /* main.m in Sources */ = {isa = PBXBuildFile; fileRef = 3710329A1CA5198D00E76D9A /* main.m */; };
		3710329E1CA5198D00E76D9A /* AppDelegate.m in Sources */ = {isa = PBXBuildFile; fileRef = 3710329D1CA5198D00E76D9A /* AppDelegate.m */; };
		371032A61CA5198D00E76D9A /* Assets.xcassets in Resources */ = {isa = PBXBuildFile; fileRef = 371032A51CA5198D00E76D9A /* Assets.xcassets */; };
		371032A91CA5198D00E76D9A /* LaunchScreen.storyboard in Resources */ = {isa = PBXBuildFile; fileRef = 371032A71CA5198D00E76D9A /* LaunchScreen.storyboard */; };
		371032B41CA5198D00E76D9A /* terumiTests.m in Sources */ = {isa = PBXBuildFile; fileRef = 371032B31CA5198D00E76D9A /* terumiTests.m */; };
		371032BF1CA5198D00E76D9A /* terumiUITests.m in Sources */ = {isa = PBXBuildFile; fileRef = 371032BE1CA5198D00E76D9A /* terumiUITests.m */; };
		371032F21CA51B5A00E76D9A /* TutorialBatteryView.m in Sources */ = {isa = PBXBuildFile; fileRef = 371032CF1CA51B5A00E76D9A /* TutorialBatteryView.m */; };
		371032F31CA51B5A00E76D9A /* TutorialBatteryView.xib in Resources */ = {isa = PBXBuildFile; fileRef = 371032D01CA51B5A00E76D9A /* TutorialBatteryView.xib */; };
		371032F41CA51B5A00E76D9A /* TutorialSettiView.m in Sources */ = {isa = PBXBuildFile; fileRef = 371032D31CA51B5A00E76D9A /* TutorialSettiView.m */; };
		371032F51CA51B5A00E76D9A /* TutorialSettiView.xib in Resources */ = {isa = PBXBuildFile; fileRef = 371032D41CA51B5A00E76D9A /* TutorialSettiView.xib */; };
		371032F71CA51B5A00E76D9A /* infoViewController.m in Sources */ = {isa = PBXBuildFile; fileRef = 371032DC1CA51B5A00E76D9A /* infoViewController.m */; };
		371032F81CA51B5A00E76D9A /* infoViewController.xib in Resources */ = {isa = PBXBuildFile; fileRef = 371032DD1CA51B5A00E76D9A /* infoViewController.xib */; };
		371032F91CA51B5A00E76D9A /* MenuViewController.m in Sources */ = {isa = PBXBuildFile; fileRef = 371032E01CA51B5A00E76D9A /* MenuViewController.m */; };
		371032FA1CA51B5A00E76D9A /* MenuViewController.xib in Resources */ = {isa = PBXBuildFile; fileRef = 371032E11CA51B5A00E76D9A /* MenuViewController.xib */; };
		371032FB1CA51B5A00E76D9A /* SelectRiceViewController.m in Sources */ = {isa = PBXBuildFile; fileRef = 371032E41CA51B5A00E76D9A /* SelectRiceViewController.m */; };
		371032FC1CA51B5A00E76D9A /* SelectRiceViewController.xib in Resources */ = {isa = PBXBuildFile; fileRef = 371032E51CA51B5A00E76D9A /* SelectRiceViewController.xib */; };
		371032FD1CA51B5A00E76D9A /* SencorViewController.m in Sources */ = {isa = PBXBuildFile; fileRef = 371032E81CA51B5A00E76D9A /* SencorViewController.m */; };
		371032FE1CA51B5A00E76D9A /* SencorViewController.xib in Resources */ = {isa = PBXBuildFile; fileRef = 371032E91CA51B5A00E76D9A /* SencorViewController.xib */; };
		371032FF1CA51B5A00E76D9A /* SensorSettingViewController.m in Sources */ = {isa = PBXBuildFile; fileRef = 371032EC1CA51B5A00E76D9A /* SensorSettingViewController.m */; };
		371033001CA51B5A00E76D9A /* SensorSettingViewController.xib in Resources */ = {isa = PBXBuildFile; fileRef = 371032ED1CA51B5A00E76D9A /* SensorSettingViewController.xib */; };
		371033011CA51B5A00E76D9A /* SettlementViewController.m in Sources */ = {isa = PBXBuildFile; fileRef = 371032F01CA51B5A00E76D9A /* SettlementViewController.m */; };
		371033021CA51B5A00E76D9A /* SettlementViewController.xib in Resources */ = {isa = PBXBuildFile; fileRef = 371032F11CA51B5A00E76D9A /* SettlementViewController.xib */; };
		371033071CA51B6500E76D9A /* DistanceSencorData.m in Sources */ = {isa = PBXBuildFile; fileRef = 371033061CA51B6500E76D9A /* DistanceSencorData.m */; };
		371033151CA51B8400E76D9A /* BLEConnector.m in Sources */ = {isa = PBXBuildFile; fileRef = 3710330E1CA51B8400E76D9A /* BLEConnector.m */; };
		371033161CA51B8400E76D9A /* BaseSencorViewController.m in Sources */ = {isa = PBXBuildFile; fileRef = 371033121CA51B8400E76D9A /* BaseSencorViewController.m */; };
		3710331B1CA531C800E76D9A /* BaseDistanceSencorViewController.m in Sources */ = {isa = PBXBuildFile; fileRef = 3710331A1CA531C800E76D9A /* BaseDistanceSencorViewController.m */; };
		3710331F1CA53B1300E76D9A /* digital-7 (mono).ttf in Resources */ = {isa = PBXBuildFile; fileRef = 3710331D1CA53B1300E76D9A /* digital-7 (mono).ttf */; };
		371033201CA53B1300E76D9A /* 衡山毛筆フォント.ttf in Resources */ = {isa = PBXBuildFile; fileRef = 3710331E1CA53B1300E76D9A /* 衡山毛筆フォント.ttf */; };
		379FF75E1CAA38F400883E8F /* battery_tutorial1.jpg in Resources */ = {isa = PBXBuildFile; fileRef = 379FF7351CAA38F400883E8F /* battery_tutorial1.jpg */; };
		379FF75F1CAA38F400883E8F /* btn1.png in Resources */ = {isa = PBXBuildFile; fileRef = 379FF7361CAA38F400883E8F /* btn1.png */; };
		379FF7601CAA38F400883E8F /* btn2.png in Resources */ = {isa = PBXBuildFile; fileRef = 379FF7371CAA38F400883E8F /* btn2.png */; };
		379FF7611CAA38F400883E8F /* btn3.png in Resources */ = {isa = PBXBuildFile; fileRef = 379FF7381CAA38F400883E8F /* btn3.png */; };
		379FF7621CAA38F400883E8F /* btn4.png in Resources */ = {isa = PBXBuildFile; fileRef = 379FF7391CAA38F400883E8F /* btn4.png */; };
		379FF7631CAA38F400883E8F /* Default-568h@2x.png in Resources */ = {isa = PBXBuildFile; fileRef = 379FF73A1CAA38F400883E8F /* Default-568h@2x.png */; };
		379FF7641CAA38F400883E8F /* Default.png in Resources */ = {isa = PBXBuildFile; fileRef = 379FF73B1CAA38F400883E8F /* Default.png */; };
		379FF7651CAA38F400883E8F /* Default@2x.png in Resources */ = {isa = PBXBuildFile; fileRef = 379FF73C1CAA38F400883E8F /* Default@2x.png */; };
		379FF7661CAA38F400883E8F /* graff_back.png in Resources */ = {isa = PBXBuildFile; fileRef = 379FF73D1CAA38F400883E8F /* graff_back.png */; };
		379FF7671CAA38F400883E8F /* icon@120.png in Resources */ = {isa = PBXBuildFile; fileRef = 379FF73E1CAA38F400883E8F /* icon@120.png */; };
		379FF7681CAA38F400883E8F /* icon@180.png in Resources */ = {isa = PBXBuildFile; fileRef = 379FF73F1CAA38F400883E8F /* icon@180.png */; };
		379FF7691CAA38F400883E8F /* icon@40.png in Resources */ = {isa = PBXBuildFile; fileRef = 379FF7401CAA38F400883E8F /* icon@40.png */; };
		379FF76A1CAA38F400883E8F /* icon@58.png in Resources */ = {isa = PBXBuildFile; fileRef = 379FF7411CAA38F400883E8F /* icon@58.png */; };
		379FF76B1CAA38F400883E8F /* icon@80.png in Resources */ = {isa = PBXBuildFile; fileRef = 379FF7421CAA38F400883E8F /* icon@80.png */; };
		379FF76C1CAA38F400883E8F /* icon@87.png in Resources */ = {isa = PBXBuildFile; fileRef = 379FF7431CAA38F400883E8F /* icon@87.png */; };
		379FF76D1CAA38F400883E8F /* images.jpg in Resources */ = {isa = PBXBuildFile; fileRef = 379FF7441CAA38F400883E8F /* images.jpg */; };
		379FF76E1CAA38F400883E8F /* kiri.jpg in Resources */ = {isa = PBXBuildFile; fileRef = 379FF7451CAA38F400883E8F /* kiri.jpg */; };
		379FF76F1CAA38F400883E8F /* kome1.png in Resources */ = {isa = PBXBuildFile; fileRef = 379FF7461CAA38F400883E8F /* kome1.png */; };
		379FF7701CAA38F400883E8F /* kome2.png in Resources */ = {isa = PBXBuildFile; fileRef = 379FF7471CAA38F400883E8F /* kome2.png */; };
		379FF7711CAA38F400883E8F /* kome3.png in Resources */ = {isa = PBXBuildFile; fileRef = 379FF7481CAA38F400883E8F /* kome3.png */; };
		379FF7721CAA38F400883E8F /* kome4.png in Resources */ = {isa = PBXBuildFile; fileRef = 379FF7491CAA38F400883E8F /* kome4.png */; };
		379FF7731CAA38F400883E8F /* kome5.png in Resources */ = {isa = PBXBuildFile; fileRef = 379FF74A1CAA38F400883E8F /* kome5.png */; };
		379FF7741CAA38F400883E8F /* kome6.png in Resources */ = {isa = PBXBuildFile; fileRef = 379FF74B1CAA38F400883E8F /* kome6.png */; };
		379FF7751CAA38F400883E8F /* kome7.png in Resources */ = {isa = PBXBuildFile; fileRef = 379FF74C1CAA38F400883E8F /* kome7.png */; };
		379FF7761CAA38F400883E8F /* kometubu.png in Resources */ = {isa = PBXBuildFile; fileRef = 379FF74D1CAA38F400883E8F /* kometubu.png */; };
		379FF7771CAA38F400883E8F /* kometubu@2x.png in Resources */ = {isa = PBXBuildFile; fileRef = 379FF74E1CAA38F400883E8F /* kometubu@2x.png */; };
		379FF7781CAA38F400883E8F /* komeya1.png in Resources */ = {isa = PBXBuildFile; fileRef = 379FF74F1CAA38F400883E8F /* komeya1.png */; };
		379FF7791CAA38F400883E8F /* komeya2.png in Resources */ = {isa = PBXBuildFile; fileRef = 379FF7501CAA38F400883E8F /* komeya2.png */; };
		379FF77A1CAA38F400883E8F /* komeya3.png in Resources */ = {isa = PBXBuildFile; fileRef = 379FF7511CAA38F400883E8F /* komeya3.png */; };
		379FF77B1CAA38F400883E8F /* komeya4.png in Resources */ = {isa = PBXBuildFile; fileRef = 379FF7521CAA38F400883E8F /* komeya4.png */; };
		379FF77C1CAA38F400883E8F /* komeya5.png in Resources */ = {isa = PBXBuildFile; fileRef = 379FF7531CAA38F400883E8F /* komeya5.png */; };
		379FF77D1CAA38F400883E8F /* komeya6.png in Resources */ = {isa = PBXBuildFile; fileRef = 379FF7541CAA38F400883E8F /* komeya6.png */; };
		379FF77E1CAA38F400883E8F /* logo.png in Resources */ = {isa = PBXBuildFile; fileRef = 379FF7551CAA38F400883E8F /* logo.png */; };
		379FF77F1CAA38F400883E8F /* makimono.png in Resources */ = {isa = PBXBuildFile; fileRef = 379FF7561CAA38F400883E8F /* makimono.png */; };
		379FF7801CAA38F400883E8F /* marugaoa.png in Resources */ = {isa = PBXBuildFile; fileRef = 379FF7571CAA38F400883E8F /* marugaoa.png */; };
		379FF7811CAA38F400883E8F /* menubg.png in Resources */ = {isa = PBXBuildFile; fileRef = 379FF7581CAA38F400883E8F /* menubg.png */; };
		379FF7821CAA38F400883E8F /* ordericon.png in Resources */ = {isa = PBXBuildFile; fileRef = 379FF7591CAA38F400883E8F /* ordericon.png */; };
		379FF7831CAA38F400883E8F /* questionicon.png in Resources */ = {isa = PBXBuildFile; fileRef = 379FF75A1CAA38F400883E8F /* questionicon.png */; };
		379FF7841CAA38F400883E8F /* settingicon.png in Resources */ = {isa = PBXBuildFile; fileRef = 379FF75B1CAA38F400883E8F /* settingicon.png */; };
		379FF7851CAA38F400883E8F /* yazirusi.jpg in Resources */ = {isa = PBXBuildFile; fileRef = 379FF75C1CAA38F400883E8F /* yazirusi.jpg */; };
		379FF7861CAA38F400883E8F /* yazirusi.png in Resources */ = {isa = PBXBuildFile; fileRef = 379FF75D1CAA38F400883E8F /* yazirusi.png */; };
		37B1D8911DBDDA590062BC61 /* SelectRiceHeaderView.m in Sources */ = {isa = PBXBuildFile; fileRef = 37B1D88C1DBDDA590062BC61 /* SelectRiceHeaderView.m */; };
		37B1D8921DBDDA590062BC61 /* SelectRiceHeaderView.xib in Resources */ = {isa = PBXBuildFile; fileRef = 37B1D88D1DBDDA590062BC61 /* SelectRiceHeaderView.xib */; };
		37B1D8931DBDDA590062BC61 /* SelectRiceTableCellTableViewCell.m in Sources */ = {isa = PBXBuildFile; fileRef = 37B1D88F1DBDDA590062BC61 /* SelectRiceTableCellTableViewCell.m */; };
		37B1D8941DBDDA590062BC61 /* SelectRiceTableCellTableViewCell.xib in Resources */ = {isa = PBXBuildFile; fileRef = 37B1D8901DBDDA590062BC61 /* SelectRiceTableCellTableViewCell.xib */; };
/* End PBXBuildFile section */

/* Begin PBXContainerItemProxy section */
		371032B01CA5198D00E76D9A /* PBXContainerItemProxy */ = {
			isa = PBXContainerItemProxy;
			containerPortal = 3710328E1CA5198D00E76D9A /* Project object */;
			proxyType = 1;
			remoteGlobalIDString = 371032951CA5198D00E76D9A;
			remoteInfo = terumi;
		};
		371032BB1CA5198D00E76D9A /* PBXContainerItemProxy */ = {
			isa = PBXContainerItemProxy;
			containerPortal = 3710328E1CA5198D00E76D9A /* Project object */;
			proxyType = 1;
			remoteGlobalIDString = 371032951CA5198D00E76D9A;
			remoteInfo = terumi;
		};
/* End PBXContainerItemProxy section */

/* Begin PBXFileReference section */
		0BC8AA7288BA670E12823982 /* Pods-terumi.debug.xcconfig */ = {isa = PBXFileReference; includeInIndex = 1; lastKnownFileType = text.xcconfig; name = "Pods-terumi.debug.xcconfig"; path = "Pods/Target Support Files/Pods-terumi/Pods-terumi.debug.xcconfig"; sourceTree = "<group>"; };
		15B73E07C2EAC29B1255931F /* Pods.debug.xcconfig */ = {isa = PBXFileReference; includeInIndex = 1; lastKnownFileType = text.xcconfig; name = Pods.debug.xcconfig; path = "Pods/Target Support Files/Pods/Pods.debug.xcconfig"; sourceTree = "<group>"; };
		24FC6DD21CBF7CC500B8B793 /* LnitialMenuViewController.h */ = {isa = PBXFileReference; fileEncoding = 4; lastKnownFileType = sourcecode.c.h; path = LnitialMenuViewController.h; sourceTree = "<group>"; };
		24FC6DD31CBF7CC500B8B793 /* LnitialMenuViewController.m */ = {isa = PBXFileReference; fileEncoding = 4; lastKnownFileType = sourcecode.c.objc; path = LnitialMenuViewController.m; sourceTree = "<group>"; };
		24FC6DD41CBF7CC500B8B793 /* LnitialMenuViewController.xib */ = {isa = PBXFileReference; fileEncoding = 4; lastKnownFileType = file.xib; path = LnitialMenuViewController.xib; sourceTree = "<group>"; };
		24FC6DE31CC0A39000B8B793 /* ShippingAddressViewController.h */ = {isa = PBXFileReference; fileEncoding = 4; lastKnownFileType = sourcecode.c.h; path = ShippingAddressViewController.h; sourceTree = "<group>"; };
		24FC6DE41CC0A39000B8B793 /* ShippingAddressViewController.m */ = {isa = PBXFileReference; fileEncoding = 4; lastKnownFileType = sourcecode.c.objc; path = ShippingAddressViewController.m; sourceTree = "<group>"; };
		24FC6DE51CC0A39000B8B793 /* ShippingAddressViewController.xib */ = {isa = PBXFileReference; fileEncoding = 4; lastKnownFileType = file.xib; path = ShippingAddressViewController.xib; sourceTree = "<group>"; };
		24FC6DF81CC0BDA100B8B793 /* SelectRiceShopViewController.h */ = {isa = PBXFileReference; fileEncoding = 4; lastKnownFileType = sourcecode.c.h; path = SelectRiceShopViewController.h; sourceTree = "<group>"; };
		24FC6DF91CC0BDA100B8B793 /* SelectRiceShopViewController.m */ = {isa = PBXFileReference; fileEncoding = 4; lastKnownFileType = sourcecode.c.objc; path = SelectRiceShopViewController.m; sourceTree = "<group>"; };
		24FC6DFA1CC0BDA100B8B793 /* SelectRiceShopViewController.xib */ = {isa = PBXFileReference; fileEncoding = 4; lastKnownFileType = file.xib; path = SelectRiceShopViewController.xib; sourceTree = "<group>"; };
		24FC6DFD1CC0BDFB00B8B793 /* SelectPayerViewController.h */ = {isa = PBXFileReference; fileEncoding = 4; lastKnownFileType = sourcecode.c.h; path = SelectPayerViewController.h; sourceTree = "<group>"; };
		24FC6DFE1CC0BDFB00B8B793 /* SelectPayerViewController.m */ = {isa = PBXFileReference; fileEncoding = 4; lastKnownFileType = sourcecode.c.objc; path = SelectPayerViewController.m; sourceTree = "<group>"; };
		24FC6DFF1CC0BDFB00B8B793 /* SelectPayerViewController.xib */ = {isa = PBXFileReference; fileEncoding = 4; lastKnownFileType = file.xib; path = SelectPayerViewController.xib; sourceTree = "<group>"; };
		24FC6E041CC0C34400B8B793 /* TutorialBatteryViewController.h */ = {isa = PBXFileReference; fileEncoding = 4; lastKnownFileType = sourcecode.c.h; path = TutorialBatteryViewController.h; sourceTree = "<group>"; };
		24FC6E051CC0C34400B8B793 /* TutorialBatteryViewController.m */ = {isa = PBXFileReference; fileEncoding = 4; lastKnownFileType = sourcecode.c.objc; path = TutorialBatteryViewController.m; sourceTree = "<group>"; };
		24FC6E061CC0C34400B8B793 /* TutorialBatteryViewController.xib */ = {isa = PBXFileReference; fileEncoding = 4; lastKnownFileType = file.xib; path = TutorialBatteryViewController.xib; sourceTree = "<group>"; };
		24FC6E091CC0C36300B8B793 /* TutorialSettiViewController.h */ = {isa = PBXFileReference; fileEncoding = 4; lastKnownFileType = sourcecode.c.h; path = TutorialSettiViewController.h; sourceTree = "<group>"; };
		24FC6E0A1CC0C36300B8B793 /* TutorialSettiViewController.m */ = {isa = PBXFileReference; fileEncoding = 4; lastKnownFileType = sourcecode.c.objc; path = TutorialSettiViewController.m; sourceTree = "<group>"; };
		24FC6E0B1CC0C36300B8B793 /* TutorialSettiViewController.xib */ = {isa = PBXFileReference; fileEncoding = 4; lastKnownFileType = file.xib; path = TutorialSettiViewController.xib; sourceTree = "<group>"; };
		24FC6E151CC0D1F600B8B793 /* SendPaymentPermitViewController.h */ = {isa = PBXFileReference; fileEncoding = 4; lastKnownFileType = sourcecode.c.h; path = SendPaymentPermitViewController.h; sourceTree = "<group>"; };
		24FC6E161CC0D1F600B8B793 /* SendPaymentPermitViewController.m */ = {isa = PBXFileReference; fileEncoding = 4; lastKnownFileType = sourcecode.c.objc; path = SendPaymentPermitViewController.m; sourceTree = "<group>"; };
		24FC6E171CC0D1F600B8B793 /* SendPaymentPermitViewController.xib */ = {isa = PBXFileReference; fileEncoding = 4; lastKnownFileType = file.xib; path = SendPaymentPermitViewController.xib; sourceTree = "<group>"; };
		24FC6E1B1CC49E0200B8B793 /* ConfirmationTerumiIdViewController.h */ = {isa = PBXFileReference; fileEncoding = 4; lastKnownFileType = sourcecode.c.h; path = ConfirmationTerumiIdViewController.h; sourceTree = "<group>"; };
		24FC6E1C1CC49E0200B8B793 /* ConfirmationTerumiIdViewController.m */ = {isa = PBXFileReference; fileEncoding = 4; lastKnownFileType = sourcecode.c.objc; path = ConfirmationTerumiIdViewController.m; sourceTree = "<group>"; };
		24FC6E1D1CC49E0200B8B793 /* ConfirmationTerumiIdViewController.xib */ = {isa = PBXFileReference; fileEncoding = 4; lastKnownFileType = file.xib; path = ConfirmationTerumiIdViewController.xib; sourceTree = "<group>"; };
		24FC6E211CC49E4A00B8B793 /* ApprovalSettlementViewController.h */ = {isa = PBXFileReference; fileEncoding = 4; lastKnownFileType = sourcecode.c.h; path = ApprovalSettlementViewController.h; sourceTree = "<group>"; };
		24FC6E221CC49E4A00B8B793 /* ApprovalSettlementViewController.m */ = {isa = PBXFileReference; fileEncoding = 4; lastKnownFileType = sourcecode.c.objc; path = ApprovalSettlementViewController.m; sourceTree = "<group>"; };
		24FC6E231CC49E4A00B8B793 /* ApprovalSettlementViewController.xib */ = {isa = PBXFileReference; fileEncoding = 4; lastKnownFileType = file.xib; path = ApprovalSettlementViewController.xib; sourceTree = "<group>"; };
		24FC6E2B1CC710D700B8B793 /* SettlementOthersViewController.h */ = {isa = PBXFileReference; fileEncoding = 4; lastKnownFileType = sourcecode.c.h; path = SettlementOthersViewController.h; sourceTree = "<group>"; };
		24FC6E2C1CC710D700B8B793 /* SettlementOthersViewController.m */ = {isa = PBXFileReference; fileEncoding = 4; lastKnownFileType = sourcecode.c.objc; path = SettlementOthersViewController.m; sourceTree = "<group>"; };
		24FC6E2D1CC710D700B8B793 /* SettlementOthersViewController.xib */ = {isa = PBXFileReference; fileEncoding = 4; lastKnownFileType = file.xib; path = SettlementOthersViewController.xib; sourceTree = "<group>"; };
		24FC6E301CC7197900B8B793 /* RiceSelectTableViewCell.h */ = {isa = PBXFileReference; fileEncoding = 4; lastKnownFileType = sourcecode.c.h; path = RiceSelectTableViewCell.h; sourceTree = "<group>"; };
		24FC6E311CC7197900B8B793 /* RiceSelectTableViewCell.m */ = {isa = PBXFileReference; fileEncoding = 4; lastKnownFileType = sourcecode.c.objc; path = RiceSelectTableViewCell.m; sourceTree = "<group>"; };
		24FC6E321CC7197900B8B793 /* RiceSelectTableViewCell.xib */ = {isa = PBXFileReference; fileEncoding = 4; lastKnownFileType = file.xib; path = RiceSelectTableViewCell.xib; sourceTree = "<group>"; };
		24FC6E401CC8960000B8B793 /* FindingTerumiIdViewController.h */ = {isa = PBXFileReference; fileEncoding = 4; lastKnownFileType = sourcecode.c.h; name = FindingTerumiIdViewController.h; path = terumi/ViewController/FindingTerumiIdViewController.h; sourceTree = SOURCE_ROOT; };
		24FC6E411CC8960000B8B793 /* FindingTerumiIdViewController.m */ = {isa = PBXFileReference; fileEncoding = 4; lastKnownFileType = sourcecode.c.objc; name = FindingTerumiIdViewController.m; path = terumi/ViewController/FindingTerumiIdViewController.m; sourceTree = SOURCE_ROOT; };
		24FC6E421CC8960000B8B793 /* FindingTerumiIdViewController.xib */ = {isa = PBXFileReference; fileEncoding = 4; lastKnownFileType = file.xib; name = FindingTerumiIdViewController.xib; path = terumi/ViewController/FindingTerumiIdViewController.xib; sourceTree = SOURCE_ROOT; };
		24FC6E451CC9B8DF00B8B793 /* menu_Preview.png */ = {isa = PBXFileReference; lastKnownFileType = image.png; path = menu_Preview.png; sourceTree = "<group>"; };
		24FC6E461CC9B8DF00B8B793 /* terumi_Id.png */ = {isa = PBXFileReference; lastKnownFileType = image.png; path = terumi_Id.png; sourceTree = "<group>"; };
		371032961CA5198D00E76D9A /* terumi.app */ = {isa = PBXFileReference; explicitFileType = wrapper.application; includeInIndex = 0; path = terumi.app; sourceTree = BUILT_PRODUCTS_DIR; };
		3710329A1CA5198D00E76D9A /* main.m */ = {isa = PBXFileReference; lastKnownFileType = sourcecode.c.objc; path = main.m; sourceTree = "<group>"; };
		3710329C1CA5198D00E76D9A /* AppDelegate.h */ = {isa = PBXFileReference; lastKnownFileType = sourcecode.c.h; path = AppDelegate.h; sourceTree = "<group>"; };
		3710329D1CA5198D00E76D9A /* AppDelegate.m */ = {isa = PBXFileReference; lastKnownFileType = sourcecode.c.objc; path = AppDelegate.m; sourceTree = "<group>"; };
		371032A51CA5198D00E76D9A /* Assets.xcassets */ = {isa = PBXFileReference; lastKnownFileType = folder.assetcatalog; path = Assets.xcassets; sourceTree = "<group>"; };
		371032A81CA5198D00E76D9A /* Base */ = {isa = PBXFileReference; lastKnownFileType = file.storyboard; name = Base; path = Base.lproj/LaunchScreen.storyboard; sourceTree = "<group>"; };
		371032AA1CA5198D00E76D9A /* Info.plist */ = {isa = PBXFileReference; lastKnownFileType = text.plist.xml; path = Info.plist; sourceTree = "<group>"; };
		371032AF1CA5198D00E76D9A /* terumiTests.xctest */ = {isa = PBXFileReference; explicitFileType = wrapper.cfbundle; includeInIndex = 0; path = terumiTests.xctest; sourceTree = BUILT_PRODUCTS_DIR; };
		371032B31CA5198D00E76D9A /* terumiTests.m */ = {isa = PBXFileReference; lastKnownFileType = sourcecode.c.objc; path = terumiTests.m; sourceTree = "<group>"; };
		371032B51CA5198D00E76D9A /* Info.plist */ = {isa = PBXFileReference; lastKnownFileType = text.plist.xml; path = Info.plist; sourceTree = "<group>"; };
		371032BA1CA5198D00E76D9A /* terumiUITests.xctest */ = {isa = PBXFileReference; explicitFileType = wrapper.cfbundle; includeInIndex = 0; path = terumiUITests.xctest; sourceTree = BUILT_PRODUCTS_DIR; };
		371032BE1CA5198D00E76D9A /* terumiUITests.m */ = {isa = PBXFileReference; lastKnownFileType = sourcecode.c.objc; path = terumiUITests.m; sourceTree = "<group>"; };
		371032C01CA5198D00E76D9A /* Info.plist */ = {isa = PBXFileReference; lastKnownFileType = text.plist.xml; path = Info.plist; sourceTree = "<group>"; };
		371032CE1CA51B5A00E76D9A /* TutorialBatteryView.h */ = {isa = PBXFileReference; fileEncoding = 4; lastKnownFileType = sourcecode.c.h; path = TutorialBatteryView.h; sourceTree = "<group>"; };
		371032CF1CA51B5A00E76D9A /* TutorialBatteryView.m */ = {isa = PBXFileReference; fileEncoding = 4; lastKnownFileType = sourcecode.c.objc; path = TutorialBatteryView.m; sourceTree = "<group>"; };
		371032D01CA51B5A00E76D9A /* TutorialBatteryView.xib */ = {isa = PBXFileReference; fileEncoding = 4; lastKnownFileType = file.xib; path = TutorialBatteryView.xib; sourceTree = "<group>"; };
		371032D21CA51B5A00E76D9A /* TutorialSettiView.h */ = {isa = PBXFileReference; fileEncoding = 4; lastKnownFileType = sourcecode.c.h; path = TutorialSettiView.h; sourceTree = "<group>"; };
		371032D31CA51B5A00E76D9A /* TutorialSettiView.m */ = {isa = PBXFileReference; fileEncoding = 4; lastKnownFileType = sourcecode.c.objc; path = TutorialSettiView.m; sourceTree = "<group>"; };
		371032D41CA51B5A00E76D9A /* TutorialSettiView.xib */ = {isa = PBXFileReference; fileEncoding = 4; lastKnownFileType = file.xib; path = TutorialSettiView.xib; sourceTree = "<group>"; };
		371032DB1CA51B5A00E76D9A /* infoViewController.h */ = {isa = PBXFileReference; fileEncoding = 4; lastKnownFileType = sourcecode.c.h; path = infoViewController.h; sourceTree = "<group>"; };
		371032DC1CA51B5A00E76D9A /* infoViewController.m */ = {isa = PBXFileReference; fileEncoding = 4; lastKnownFileType = sourcecode.c.objc; path = infoViewController.m; sourceTree = "<group>"; };
		371032DD1CA51B5A00E76D9A /* infoViewController.xib */ = {isa = PBXFileReference; fileEncoding = 4; lastKnownFileType = file.xib; path = infoViewController.xib; sourceTree = "<group>"; };
		371032DF1CA51B5A00E76D9A /* MenuViewController.h */ = {isa = PBXFileReference; fileEncoding = 4; lastKnownFileType = sourcecode.c.h; path = MenuViewController.h; sourceTree = "<group>"; };
		371032E01CA51B5A00E76D9A /* MenuViewController.m */ = {isa = PBXFileReference; fileEncoding = 4; lastKnownFileType = sourcecode.c.objc; path = MenuViewController.m; sourceTree = "<group>"; };
		371032E11CA51B5A00E76D9A /* MenuViewController.xib */ = {isa = PBXFileReference; fileEncoding = 4; lastKnownFileType = file.xib; path = MenuViewController.xib; sourceTree = "<group>"; };
		371032E31CA51B5A00E76D9A /* SelectRiceViewController.h */ = {isa = PBXFileReference; fileEncoding = 4; lastKnownFileType = sourcecode.c.h; path = SelectRiceViewController.h; sourceTree = "<group>"; };
		371032E41CA51B5A00E76D9A /* SelectRiceViewController.m */ = {isa = PBXFileReference; fileEncoding = 4; lastKnownFileType = sourcecode.c.objc; path = SelectRiceViewController.m; sourceTree = "<group>"; };
		371032E51CA51B5A00E76D9A /* SelectRiceViewController.xib */ = {isa = PBXFileReference; fileEncoding = 4; lastKnownFileType = file.xib; path = SelectRiceViewController.xib; sourceTree = "<group>"; };
		371032E71CA51B5A00E76D9A /* SencorViewController.h */ = {isa = PBXFileReference; fileEncoding = 4; lastKnownFileType = sourcecode.c.h; path = SencorViewController.h; sourceTree = "<group>"; };
		371032E81CA51B5A00E76D9A /* SencorViewController.m */ = {isa = PBXFileReference; fileEncoding = 4; lastKnownFileType = sourcecode.c.objc; path = SencorViewController.m; sourceTree = "<group>"; };
		371032E91CA51B5A00E76D9A /* SencorViewController.xib */ = {isa = PBXFileReference; fileEncoding = 4; lastKnownFileType = file.xib; path = SencorViewController.xib; sourceTree = "<group>"; };
		371032EB1CA51B5A00E76D9A /* SensorSettingViewController.h */ = {isa = PBXFileReference; fileEncoding = 4; lastKnownFileType = sourcecode.c.h; path = SensorSettingViewController.h; sourceTree = "<group>"; };
		371032EC1CA51B5A00E76D9A /* SensorSettingViewController.m */ = {isa = PBXFileReference; fileEncoding = 4; lastKnownFileType = sourcecode.c.objc; path = SensorSettingViewController.m; sourceTree = "<group>"; };
		371032ED1CA51B5A00E76D9A /* SensorSettingViewController.xib */ = {isa = PBXFileReference; fileEncoding = 4; lastKnownFileType = file.xib; path = SensorSettingViewController.xib; sourceTree = "<group>"; };
		371032EF1CA51B5A00E76D9A /* SettlementViewController.h */ = {isa = PBXFileReference; fileEncoding = 4; lastKnownFileType = sourcecode.c.h; path = SettlementViewController.h; sourceTree = "<group>"; };
		371032F01CA51B5A00E76D9A /* SettlementViewController.m */ = {isa = PBXFileReference; fileEncoding = 4; lastKnownFileType = sourcecode.c.objc; path = SettlementViewController.m; sourceTree = "<group>"; };
		371032F11CA51B5A00E76D9A /* SettlementViewController.xib */ = {isa = PBXFileReference; fileEncoding = 4; lastKnownFileType = file.xib; path = SettlementViewController.xib; sourceTree = "<group>"; };
		371033051CA51B6500E76D9A /* DistanceSencorData.h */ = {isa = PBXFileReference; fileEncoding = 4; lastKnownFileType = sourcecode.c.h; path = DistanceSencorData.h; sourceTree = "<group>"; };
		371033061CA51B6500E76D9A /* DistanceSencorData.m */ = {isa = PBXFileReference; fileEncoding = 4; lastKnownFileType = sourcecode.c.objc; path = DistanceSencorData.m; sourceTree = "<group>"; };
		3710330D1CA51B8400E76D9A /* BLEConnector.h */ = {isa = PBXFileReference; fileEncoding = 4; lastKnownFileType = sourcecode.c.h; path = BLEConnector.h; sourceTree = "<group>"; };
		3710330E1CA51B8400E76D9A /* BLEConnector.m */ = {isa = PBXFileReference; fileEncoding = 4; lastKnownFileType = sourcecode.c.objc; path = BLEConnector.m; sourceTree = "<group>"; };
		371033111CA51B8400E76D9A /* BaseSencorViewController.h */ = {isa = PBXFileReference; fileEncoding = 4; lastKnownFileType = sourcecode.c.h; path = BaseSencorViewController.h; sourceTree = "<group>"; };
		371033121CA51B8400E76D9A /* BaseSencorViewController.m */ = {isa = PBXFileReference; fileEncoding = 4; lastKnownFileType = sourcecode.c.objc; path = BaseSencorViewController.m; sourceTree = "<group>"; };
		371033171CA52EED00E76D9A /* BLEConst.h */ = {isa = PBXFileReference; lastKnownFileType = sourcecode.c.h; path = BLEConst.h; sourceTree = "<group>"; };
		371033191CA531C800E76D9A /* BaseDistanceSencorViewController.h */ = {isa = PBXFileReference; fileEncoding = 4; lastKnownFileType = sourcecode.c.h; path = BaseDistanceSencorViewController.h; sourceTree = "<group>"; };
		3710331A1CA531C800E76D9A /* BaseDistanceSencorViewController.m */ = {isa = PBXFileReference; fileEncoding = 4; lastKnownFileType = sourcecode.c.objc; path = BaseDistanceSencorViewController.m; sourceTree = "<group>"; };
		3710331D1CA53B1300E76D9A /* digital-7 (mono).ttf */ = {isa = PBXFileReference; lastKnownFileType = file; path = "digital-7 (mono).ttf"; sourceTree = "<group>"; };
		3710331E1CA53B1300E76D9A /* 衡山毛筆フォント.ttf */ = {isa = PBXFileReference; lastKnownFileType = file; path = "衡山毛筆フォント.ttf"; sourceTree = "<group>"; };
		379FF7351CAA38F400883E8F /* battery_tutorial1.jpg */ = {isa = PBXFileReference; lastKnownFileType = image.jpeg; path = battery_tutorial1.jpg; sourceTree = "<group>"; };
		379FF7361CAA38F400883E8F /* btn1.png */ = {isa = PBXFileReference; lastKnownFileType = image.png; path = btn1.png; sourceTree = "<group>"; };
		379FF7371CAA38F400883E8F /* btn2.png */ = {isa = PBXFileReference; lastKnownFileType = image.png; path = btn2.png; sourceTree = "<group>"; };
		379FF7381CAA38F400883E8F /* btn3.png */ = {isa = PBXFileReference; lastKnownFileType = image.png; path = btn3.png; sourceTree = "<group>"; };
		379FF7391CAA38F400883E8F /* btn4.png */ = {isa = PBXFileReference; lastKnownFileType = image.png; path = btn4.png; sourceTree = "<group>"; };
		379FF73A1CAA38F400883E8F /* Default-568h@2x.png */ = {isa = PBXFileReference; lastKnownFileType = image.png; path = "Default-568h@2x.png"; sourceTree = "<group>"; };
		379FF73B1CAA38F400883E8F /* Default.png */ = {isa = PBXFileReference; lastKnownFileType = image.png; path = Default.png; sourceTree = "<group>"; };
		379FF73C1CAA38F400883E8F /* Default@2x.png */ = {isa = PBXFileReference; lastKnownFileType = image.png; path = "Default@2x.png"; sourceTree = "<group>"; };
		379FF73D1CAA38F400883E8F /* graff_back.png */ = {isa = PBXFileReference; lastKnownFileType = image.png; path = graff_back.png; sourceTree = "<group>"; };
		379FF73E1CAA38F400883E8F /* icon@120.png */ = {isa = PBXFileReference; lastKnownFileType = image.png; path = "icon@120.png"; sourceTree = "<group>"; };
		379FF73F1CAA38F400883E8F /* icon@180.png */ = {isa = PBXFileReference; lastKnownFileType = image.png; path = "icon@180.png"; sourceTree = "<group>"; };
		379FF7401CAA38F400883E8F /* icon@40.png */ = {isa = PBXFileReference; lastKnownFileType = image.png; path = "icon@40.png"; sourceTree = "<group>"; };
		379FF7411CAA38F400883E8F /* icon@58.png */ = {isa = PBXFileReference; lastKnownFileType = image.png; path = "icon@58.png"; sourceTree = "<group>"; };
		379FF7421CAA38F400883E8F /* icon@80.png */ = {isa = PBXFileReference; lastKnownFileType = image.png; path = "icon@80.png"; sourceTree = "<group>"; };
		379FF7431CAA38F400883E8F /* icon@87.png */ = {isa = PBXFileReference; lastKnownFileType = image.png; path = "icon@87.png"; sourceTree = "<group>"; };
		379FF7441CAA38F400883E8F /* images.jpg */ = {isa = PBXFileReference; lastKnownFileType = image.jpeg; path = images.jpg; sourceTree = "<group>"; };
		379FF7451CAA38F400883E8F /* kiri.jpg */ = {isa = PBXFileReference; lastKnownFileType = image.jpeg; path = kiri.jpg; sourceTree = "<group>"; };
		379FF7461CAA38F400883E8F /* kome1.png */ = {isa = PBXFileReference; lastKnownFileType = image.png; path = kome1.png; sourceTree = "<group>"; };
		379FF7471CAA38F400883E8F /* kome2.png */ = {isa = PBXFileReference; lastKnownFileType = image.png; path = kome2.png; sourceTree = "<group>"; };
		379FF7481CAA38F400883E8F /* kome3.png */ = {isa = PBXFileReference; lastKnownFileType = image.png; path = kome3.png; sourceTree = "<group>"; };
		379FF7491CAA38F400883E8F /* kome4.png */ = {isa = PBXFileReference; lastKnownFileType = image.png; path = kome4.png; sourceTree = "<group>"; };
		379FF74A1CAA38F400883E8F /* kome5.png */ = {isa = PBXFileReference; lastKnownFileType = image.png; path = kome5.png; sourceTree = "<group>"; };
		379FF74B1CAA38F400883E8F /* kome6.png */ = {isa = PBXFileReference; lastKnownFileType = image.png; path = kome6.png; sourceTree = "<group>"; };
		379FF74C1CAA38F400883E8F /* kome7.png */ = {isa = PBXFileReference; lastKnownFileType = image.png; path = kome7.png; sourceTree = "<group>"; };
		379FF74D1CAA38F400883E8F /* kometubu.png */ = {isa = PBXFileReference; lastKnownFileType = image.png; path = kometubu.png; sourceTree = "<group>"; };
		379FF74E1CAA38F400883E8F /* kometubu@2x.png */ = {isa = PBXFileReference; lastKnownFileType = image.png; path = "kometubu@2x.png"; sourceTree = "<group>"; };
		379FF74F1CAA38F400883E8F /* komeya1.png */ = {isa = PBXFileReference; lastKnownFileType = image.png; path = komeya1.png; sourceTree = "<group>"; };
		379FF7501CAA38F400883E8F /* komeya2.png */ = {isa = PBXFileReference; lastKnownFileType = image.png; path = komeya2.png; sourceTree = "<group>"; };
		379FF7511CAA38F400883E8F /* komeya3.png */ = {isa = PBXFileReference; lastKnownFileType = image.png; path = komeya3.png; sourceTree = "<group>"; };
		379FF7521CAA38F400883E8F /* komeya4.png */ = {isa = PBXFileReference; lastKnownFileType = image.png; path = komeya4.png; sourceTree = "<group>"; };
		379FF7531CAA38F400883E8F /* komeya5.png */ = {isa = PBXFileReference; lastKnownFileType = image.png; path = komeya5.png; sourceTree = "<group>"; };
		379FF7541CAA38F400883E8F /* komeya6.png */ = {isa = PBXFileReference; lastKnownFileType = image.png; path = komeya6.png; sourceTree = "<group>"; };
		379FF7551CAA38F400883E8F /* logo.png */ = {isa = PBXFileReference; lastKnownFileType = image.png; path = logo.png; sourceTree = "<group>"; };
		379FF7561CAA38F400883E8F /* makimono.png */ = {isa = PBXFileReference; lastKnownFileType = image.png; path = makimono.png; sourceTree = "<group>"; };
		379FF7571CAA38F400883E8F /* marugaoa.png */ = {isa = PBXFileReference; lastKnownFileType = image.png; path = marugaoa.png; sourceTree = "<group>"; };
		379FF7581CAA38F400883E8F /* menubg.png */ = {isa = PBXFileReference; lastKnownFileType = image.png; path = menubg.png; sourceTree = "<group>"; };
		379FF7591CAA38F400883E8F /* ordericon.png */ = {isa = PBXFileReference; lastKnownFileType = image.png; path = ordericon.png; sourceTree = "<group>"; };
		379FF75A1CAA38F400883E8F /* questionicon.png */ = {isa = PBXFileReference; lastKnownFileType = image.png; path = questionicon.png; sourceTree = "<group>"; };
		379FF75B1CAA38F400883E8F /* settingicon.png */ = {isa = PBXFileReference; lastKnownFileType = image.png; path = settingicon.png; sourceTree = "<group>"; };
		379FF75C1CAA38F400883E8F /* yazirusi.jpg */ = {isa = PBXFileReference; lastKnownFileType = image.jpeg; path = yazirusi.jpg; sourceTree = "<group>"; };
		379FF75D1CAA38F400883E8F /* yazirusi.png */ = {isa = PBXFileReference; lastKnownFileType = image.png; path = yazirusi.png; sourceTree = "<group>"; };
		37B1D88B1DBDDA590062BC61 /* SelectRiceHeaderView.h */ = {isa = PBXFileReference; fileEncoding = 4; lastKnownFileType = sourcecode.c.h; path = SelectRiceHeaderView.h; sourceTree = "<group>"; };
		37B1D88C1DBDDA590062BC61 /* SelectRiceHeaderView.m */ = {isa = PBXFileReference; fileEncoding = 4; lastKnownFileType = sourcecode.c.objc; path = SelectRiceHeaderView.m; sourceTree = "<group>"; };
		37B1D88D1DBDDA590062BC61 /* SelectRiceHeaderView.xib */ = {isa = PBXFileReference; fileEncoding = 4; lastKnownFileType = file.xib; path = SelectRiceHeaderView.xib; sourceTree = "<group>"; };
		37B1D88E1DBDDA590062BC61 /* SelectRiceTableCellTableViewCell.h */ = {isa = PBXFileReference; fileEncoding = 4; lastKnownFileType = sourcecode.c.h; path = SelectRiceTableCellTableViewCell.h; sourceTree = "<group>"; };
		37B1D88F1DBDDA590062BC61 /* SelectRiceTableCellTableViewCell.m */ = {isa = PBXFileReference; fileEncoding = 4; lastKnownFileType = sourcecode.c.objc; path = SelectRiceTableCellTableViewCell.m; sourceTree = "<group>"; };
		37B1D8901DBDDA590062BC61 /* SelectRiceTableCellTableViewCell.xib */ = {isa = PBXFileReference; fileEncoding = 4; lastKnownFileType = file.xib; path = SelectRiceTableCellTableViewCell.xib; sourceTree = "<group>"; };
		87BDC6B262548A8D0331DB15 /* libPods-terumi.a */ = {isa = PBXFileReference; explicitFileType = archive.ar; includeInIndex = 0; path = "libPods-terumi.a"; sourceTree = BUILT_PRODUCTS_DIR; };
		CC7197255BEB3CD8EFE57DC9 /* Pods.release.xcconfig */ = {isa = PBXFileReference; includeInIndex = 1; lastKnownFileType = text.xcconfig; name = Pods.release.xcconfig; path = "Pods/Target Support Files/Pods/Pods.release.xcconfig"; sourceTree = "<group>"; };
		F19D13EA9321B575BA6068EA /* Pods-terumi.release.xcconfig */ = {isa = PBXFileReference; includeInIndex = 1; lastKnownFileType = text.xcconfig; name = "Pods-terumi.release.xcconfig"; path = "Pods/Target Support Files/Pods-terumi/Pods-terumi.release.xcconfig"; sourceTree = "<group>"; };
/* End PBXFileReference section */

/* Begin PBXFrameworksBuildPhase section */
		371032931CA5198D00E76D9A /* Frameworks */ = {
			isa = PBXFrameworksBuildPhase;
			buildActionMask = 2147483647;
			files = (
				2E80A0B34398F12472C1B44B /* libPods-terumi.a in Frameworks */,
			);
			runOnlyForDeploymentPostprocessing = 0;
		};
		371032AC1CA5198D00E76D9A /* Frameworks */ = {
			isa = PBXFrameworksBuildPhase;
			buildActionMask = 2147483647;
			files = (
			);
			runOnlyForDeploymentPostprocessing = 0;
		};
		371032B71CA5198D00E76D9A /* Frameworks */ = {
			isa = PBXFrameworksBuildPhase;
			buildActionMask = 2147483647;
			files = (
			);
			runOnlyForDeploymentPostprocessing = 0;
		};
/* End PBXFrameworksBuildPhase section */

/* Begin PBXGroup section */
		24FC6DD11CBF7C8900B8B793 /*  Initial */ = {
			isa = PBXGroup;
			children = (
				24FC6DD21CBF7CC500B8B793 /* LnitialMenuViewController.h */,
				24FC6DD31CBF7CC500B8B793 /* LnitialMenuViewController.m */,
				24FC6DD41CBF7CC500B8B793 /* LnitialMenuViewController.xib */,
				24FC6E031CC0C30900B8B793 /* TutorialBattery */,
				24FC6E021CC0C2E200B8B793 /* TutorialSetti */,
			);
			name = " Initial";
			sourceTree = "<group>";
		};
		24FC6DD71CBF7D3D00B8B793 /* SelectRiceShop */ = {
			isa = PBXGroup;
			children = (
				24FC6DF81CC0BDA100B8B793 /* SelectRiceShopViewController.h */,
				24FC6DF91CC0BDA100B8B793 /* SelectRiceShopViewController.m */,
				24FC6DFA1CC0BDA100B8B793 /* SelectRiceShopViewController.xib */,
			);
			name = SelectRiceShop;
			path = ../View;
			sourceTree = "<group>";
		};
		24FC6DE21CC0A35A00B8B793 /* ShippingAddress */ = {
			isa = PBXGroup;
			children = (
				24FC6DE31CC0A39000B8B793 /* ShippingAddressViewController.h */,
				24FC6DE41CC0A39000B8B793 /* ShippingAddressViewController.m */,
				24FC6DE51CC0A39000B8B793 /* ShippingAddressViewController.xib */,
			);
			name = ShippingAddress;
			sourceTree = "<group>";
		};
		24FC6DF41CC0A52C00B8B793 /* SelectPayer */ = {
			isa = PBXGroup;
			children = (
				24FC6E401CC8960000B8B793 /* FindingTerumiIdViewController.h */,
				24FC6E411CC8960000B8B793 /* FindingTerumiIdViewController.m */,
				24FC6E421CC8960000B8B793 /* FindingTerumiIdViewController.xib */,
				24FC6DFD1CC0BDFB00B8B793 /* SelectPayerViewController.h */,
				24FC6DFE1CC0BDFB00B8B793 /* SelectPayerViewController.m */,
				24FC6DFF1CC0BDFB00B8B793 /* SelectPayerViewController.xib */,
			);
			name = SelectPayer;
			path = ../View;
			sourceTree = "<group>";
		};
		24FC6E021CC0C2E200B8B793 /* TutorialSetti */ = {
			isa = PBXGroup;
			children = (
				24FC6E091CC0C36300B8B793 /* TutorialSettiViewController.h */,
				24FC6E0A1CC0C36300B8B793 /* TutorialSettiViewController.m */,
				24FC6E0B1CC0C36300B8B793 /* TutorialSettiViewController.xib */,
			);
			name = TutorialSetti;
			sourceTree = "<group>";
		};
		24FC6E031CC0C30900B8B793 /* TutorialBattery */ = {
			isa = PBXGroup;
			children = (
				24FC6E041CC0C34400B8B793 /* TutorialBatteryViewController.h */,
				24FC6E051CC0C34400B8B793 /* TutorialBatteryViewController.m */,
				24FC6E061CC0C34400B8B793 /* TutorialBatteryViewController.xib */,
			);
			name = TutorialBattery;
			sourceTree = "<group>";
		};
		24FC6E0E1CC0D15600B8B793 /* SendPaymentPermit */ = {
			isa = PBXGroup;
			children = (
				24FC6E151CC0D1F600B8B793 /* SendPaymentPermitViewController.h */,
				24FC6E161CC0D1F600B8B793 /* SendPaymentPermitViewController.m */,
				24FC6E171CC0D1F600B8B793 /* SendPaymentPermitViewController.xib */,
			);
			name = SendPaymentPermit;
			sourceTree = "<group>";
		};
		24FC6E1A1CC49D6900B8B793 /* ConfirmationTerumiId */ = {
			isa = PBXGroup;
			children = (
				24FC6E1B1CC49E0200B8B793 /* ConfirmationTerumiIdViewController.h */,
				24FC6E1C1CC49E0200B8B793 /* ConfirmationTerumiIdViewController.m */,
				24FC6E1D1CC49E0200B8B793 /* ConfirmationTerumiIdViewController.xib */,
			);
			name = ConfirmationTerumiId;
			sourceTree = "<group>";
		};
		24FC6E201CC49E1700B8B793 /* ApprovalSettlement */ = {
			isa = PBXGroup;
			children = (
				24FC6E211CC49E4A00B8B793 /* ApprovalSettlementViewController.h */,
				24FC6E221CC49E4A00B8B793 /* ApprovalSettlementViewController.m */,
				24FC6E231CC49E4A00B8B793 /* ApprovalSettlementViewController.xib */,
				24FC6E2B1CC710D700B8B793 /* SettlementOthersViewController.h */,
				24FC6E2C1CC710D700B8B793 /* SettlementOthersViewController.m */,
				24FC6E2D1CC710D700B8B793 /* SettlementOthersViewController.xib */,
			);
			name = ApprovalSettlement;
			sourceTree = "<group>";
		};
		24FC6E351CC75BA600B8B793 /* ProfileTableViewCell */ = {
			isa = PBXGroup;
			children = (
			);
			name = ProfileTableViewCell;
			sourceTree = "<group>";
		};
		3710328D1CA5198D00E76D9A = {
			isa = PBXGroup;
			children = (
				371033081CA51B8400E76D9A /* IotCore */,
				371032981CA5198D00E76D9A /* terumi */,
				371032B21CA5198D00E76D9A /* terumiTests */,
				371032BD1CA5198D00E76D9A /* terumiUITests */,
				371032971CA5198D00E76D9A /* Products */,
				69670D5CEC971E96E35DF42A /* Pods */,
				385E1D7328207096617B30CC /* Frameworks */,
			);
			sourceTree = "<group>";
		};
		371032971CA5198D00E76D9A /* Products */ = {
			isa = PBXGroup;
			children = (
				371032961CA5198D00E76D9A /* terumi.app */,
				371032AF1CA5198D00E76D9A /* terumiTests.xctest */,
				371032BA1CA5198D00E76D9A /* terumiUITests.xctest */,
			);
			name = Products;
			sourceTree = "<group>";
		};
		371032981CA5198D00E76D9A /* terumi */ = {
			isa = PBXGroup;
			children = (
				379FF7341CAA38F400883E8F /* Img */,
				3710331C1CA53B1300E76D9A /* font */,
				371033031CA51B6500E76D9A /* Data */,
				371032CC1CA51B5A00E76D9A /* View */,
				371032D51CA51B5A00E76D9A /* ViewController */,
				3710329C1CA5198D00E76D9A /* AppDelegate.h */,
				3710329D1CA5198D00E76D9A /* AppDelegate.m */,
				371032A51CA5198D00E76D9A /* Assets.xcassets */,
				371032A71CA5198D00E76D9A /* LaunchScreen.storyboard */,
				371032AA1CA5198D00E76D9A /* Info.plist */,
				371032991CA5198D00E76D9A /* Supporting Files */,
				371033171CA52EED00E76D9A /* BLEConst.h */,
			);
			path = terumi;
			sourceTree = "<group>";
		};
		371032991CA5198D00E76D9A /* Supporting Files */ = {
			isa = PBXGroup;
			children = (
				3710329A1CA5198D00E76D9A /* main.m */,
			);
			name = "Supporting Files";
			sourceTree = "<group>";
		};
		371032B21CA5198D00E76D9A /* terumiTests */ = {
			isa = PBXGroup;
			children = (
				371032B31CA5198D00E76D9A /* terumiTests.m */,
				371032B51CA5198D00E76D9A /* Info.plist */,
			);
			path = terumiTests;
			sourceTree = "<group>";
		};
		371032BD1CA5198D00E76D9A /* terumiUITests */ = {
			isa = PBXGroup;
			children = (
				371032BE1CA5198D00E76D9A /* terumiUITests.m */,
				371032C01CA5198D00E76D9A /* Info.plist */,
			);
			path = terumiUITests;
			sourceTree = "<group>";
		};
		371032CC1CA51B5A00E76D9A /* View */ = {
			isa = PBXGroup;
			children = (
				24FC6E351CC75BA600B8B793 /* ProfileTableViewCell */,
				371032CD1CA51B5A00E76D9A /* TutorialBattery */,
				371032D11CA51B5A00E76D9A /* TutorialSetti */,
				24FC6E301CC7197900B8B793 /* RiceSelectTableViewCell.h */,
				24FC6E311CC7197900B8B793 /* RiceSelectTableViewCell.m */,
				24FC6E321CC7197900B8B793 /* RiceSelectTableViewCell.xib */,
			);
			path = View;
			sourceTree = "<group>";
		};
		371032CD1CA51B5A00E76D9A /* TutorialBattery */ = {
			isa = PBXGroup;
			children = (
				371032CE1CA51B5A00E76D9A /* TutorialBatteryView.h */,
				371032CF1CA51B5A00E76D9A /* TutorialBatteryView.m */,
				371032D01CA51B5A00E76D9A /* TutorialBatteryView.xib */,
			);
			path = TutorialBattery;
			sourceTree = "<group>";
		};
		371032D11CA51B5A00E76D9A /* TutorialSetti */ = {
			isa = PBXGroup;
			children = (
				371032D21CA51B5A00E76D9A /* TutorialSettiView.h */,
				371032D31CA51B5A00E76D9A /* TutorialSettiView.m */,
				371032D41CA51B5A00E76D9A /* TutorialSettiView.xib */,
			);
			path = TutorialSetti;
			sourceTree = "<group>";
		};
		371032D51CA51B5A00E76D9A /* ViewController */ = {
			isa = PBXGroup;
			children = (
				24FC6E201CC49E1700B8B793 /* ApprovalSettlement */,
				24FC6E1A1CC49D6900B8B793 /* ConfirmationTerumiId */,
				24FC6E0E1CC0D15600B8B793 /* SendPaymentPermit */,
				24FC6DD11CBF7C8900B8B793 /*  Initial */,
				24FC6DF41CC0A52C00B8B793 /* SelectPayer */,
				24FC6DD71CBF7D3D00B8B793 /* SelectRiceShop */,
				24FC6DE21CC0A35A00B8B793 /* ShippingAddress */,
				371033181CA5318100E76D9A /* Base */,
				371032DA1CA51B5A00E76D9A /* Info */,
				371032DE1CA51B5A00E76D9A /* Menu */,
				371032E21CA51B5A00E76D9A /* SelectRice */,
				371032E61CA51B5A00E76D9A /* Sensor */,
				371032EA1CA51B5A00E76D9A /* Setting */,
				371032EE1CA51B5A00E76D9A /* Settlement */,
			);
			path = ViewController;
			sourceTree = "<group>";
		};
		371032DA1CA51B5A00E76D9A /* Info */ = {
			isa = PBXGroup;
			children = (
				371032DB1CA51B5A00E76D9A /* infoViewController.h */,
				371032DC1CA51B5A00E76D9A /* infoViewController.m */,
				371032DD1CA51B5A00E76D9A /* infoViewController.xib */,
			);
			path = Info;
			sourceTree = "<group>";
		};
		371032DE1CA51B5A00E76D9A /* Menu */ = {
			isa = PBXGroup;
			children = (
				371032DF1CA51B5A00E76D9A /* MenuViewController.h */,
				371032E01CA51B5A00E76D9A /* MenuViewController.m */,
				371032E11CA51B5A00E76D9A /* MenuViewController.xib */,
			);
			path = Menu;
			sourceTree = "<group>";
		};
		371032E21CA51B5A00E76D9A /* SelectRice */ = {
			isa = PBXGroup;
			children = (
				37B1D88B1DBDDA590062BC61 /* SelectRiceHeaderView.h */,
				37B1D88C1DBDDA590062BC61 /* SelectRiceHeaderView.m */,
				37B1D88D1DBDDA590062BC61 /* SelectRiceHeaderView.xib */,
				37B1D88E1DBDDA590062BC61 /* SelectRiceTableCellTableViewCell.h */,
				37B1D88F1DBDDA590062BC61 /* SelectRiceTableCellTableViewCell.m */,
				37B1D8901DBDDA590062BC61 /* SelectRiceTableCellTableViewCell.xib */,
				371032E31CA51B5A00E76D9A /* SelectRiceViewController.h */,
				371032E41CA51B5A00E76D9A /* SelectRiceViewController.m */,
				371032E51CA51B5A00E76D9A /* SelectRiceViewController.xib */,
			);
			path = SelectRice;
			sourceTree = "<group>";
		};
		371032E61CA51B5A00E76D9A /* Sensor */ = {
			isa = PBXGroup;
			children = (
				371032E71CA51B5A00E76D9A /* SencorViewController.h */,
				371032E81CA51B5A00E76D9A /* SencorViewController.m */,
				371032E91CA51B5A00E76D9A /* SencorViewController.xib */,
			);
			path = Sensor;
			sourceTree = "<group>";
		};
		371032EA1CA51B5A00E76D9A /* Setting */ = {
			isa = PBXGroup;
			children = (
				371032EB1CA51B5A00E76D9A /* SensorSettingViewController.h */,
				371032EC1CA51B5A00E76D9A /* SensorSettingViewController.m */,
				371032ED1CA51B5A00E76D9A /* SensorSettingViewController.xib */,
			);
			path = Setting;
			sourceTree = "<group>";
		};
		371032EE1CA51B5A00E76D9A /* Settlement */ = {
			isa = PBXGroup;
			children = (
				371032EF1CA51B5A00E76D9A /* SettlementViewController.h */,
				371032F01CA51B5A00E76D9A /* SettlementViewController.m */,
				371032F11CA51B5A00E76D9A /* SettlementViewController.xib */,
			);
			path = Settlement;
			sourceTree = "<group>";
		};
		371033031CA51B6500E76D9A /* Data */ = {
			isa = PBXGroup;
			children = (
				371033041CA51B6500E76D9A /* SencorData */,
			);
			path = Data;
			sourceTree = "<group>";
		};
		371033041CA51B6500E76D9A /* SencorData */ = {
			isa = PBXGroup;
			children = (
				371033051CA51B6500E76D9A /* DistanceSencorData.h */,
				371033061CA51B6500E76D9A /* DistanceSencorData.m */,
			);
			path = SencorData;
			sourceTree = "<group>";
		};
		371033081CA51B8400E76D9A /* IotCore */ = {
			isa = PBXGroup;
			children = (
				3710330C1CA51B8400E76D9A /* Model */,
				3710330F1CA51B8400E76D9A /* Resources */,
				371033101CA51B8400E76D9A /* ViewController */,
			);
			name = IotCore;
			path = ../IotCore;
			sourceTree = "<group>";
		};
		3710330C1CA51B8400E76D9A /* Model */ = {
			isa = PBXGroup;
			children = (
				3710330D1CA51B8400E76D9A /* BLEConnector.h */,
				3710330E1CA51B8400E76D9A /* BLEConnector.m */,
			);
			path = Model;
			sourceTree = "<group>";
		};
		3710330F1CA51B8400E76D9A /* Resources */ = {
			isa = PBXGroup;
			children = (
			);
			path = Resources;
			sourceTree = "<group>";
		};
		371033101CA51B8400E76D9A /* ViewController */ = {
			isa = PBXGroup;
			children = (
				371033111CA51B8400E76D9A /* BaseSencorViewController.h */,
				371033121CA51B8400E76D9A /* BaseSencorViewController.m */,
			);
			path = ViewController;
			sourceTree = "<group>";
		};
		371033181CA5318100E76D9A /* Base */ = {
			isa = PBXGroup;
			children = (
				371033191CA531C800E76D9A /* BaseDistanceSencorViewController.h */,
				3710331A1CA531C800E76D9A /* BaseDistanceSencorViewController.m */,
			);
			path = Base;
			sourceTree = "<group>";
		};
		3710331C1CA53B1300E76D9A /* font */ = {
			isa = PBXGroup;
			children = (
				3710331D1CA53B1300E76D9A /* digital-7 (mono).ttf */,
				3710331E1CA53B1300E76D9A /* 衡山毛筆フォント.ttf */,
			);
			path = font;
			sourceTree = SOURCE_ROOT;
		};
		379FF7341CAA38F400883E8F /* Img */ = {
			isa = PBXGroup;
			children = (
				24FC6E451CC9B8DF00B8B793 /* menu_Preview.png */,
				24FC6E461CC9B8DF00B8B793 /* terumi_Id.png */,
				379FF7351CAA38F400883E8F /* battery_tutorial1.jpg */,
				379FF7361CAA38F400883E8F /* btn1.png */,
				379FF7371CAA38F400883E8F /* btn2.png */,
				379FF7381CAA38F400883E8F /* btn3.png */,
				379FF7391CAA38F400883E8F /* btn4.png */,
				379FF73A1CAA38F400883E8F /* Default-568h@2x.png */,
				379FF73B1CAA38F400883E8F /* Default.png */,
				379FF73C1CAA38F400883E8F /* Default@2x.png */,
				379FF73D1CAA38F400883E8F /* graff_back.png */,
				379FF73E1CAA38F400883E8F /* icon@120.png */,
				379FF73F1CAA38F400883E8F /* icon@180.png */,
				379FF7401CAA38F400883E8F /* icon@40.png */,
				379FF7411CAA38F400883E8F /* icon@58.png */,
				379FF7421CAA38F400883E8F /* icon@80.png */,
				379FF7431CAA38F400883E8F /* icon@87.png */,
				379FF7441CAA38F400883E8F /* images.jpg */,
				379FF7451CAA38F400883E8F /* kiri.jpg */,
				379FF7461CAA38F400883E8F /* kome1.png */,
				379FF7471CAA38F400883E8F /* kome2.png */,
				379FF7481CAA38F400883E8F /* kome3.png */,
				379FF7491CAA38F400883E8F /* kome4.png */,
				379FF74A1CAA38F400883E8F /* kome5.png */,
				379FF74B1CAA38F400883E8F /* kome6.png */,
				379FF74C1CAA38F400883E8F /* kome7.png */,
				379FF74D1CAA38F400883E8F /* kometubu.png */,
				379FF74E1CAA38F400883E8F /* kometubu@2x.png */,
				379FF74F1CAA38F400883E8F /* komeya1.png */,
				379FF7501CAA38F400883E8F /* komeya2.png */,
				379FF7511CAA38F400883E8F /* komeya3.png */,
				379FF7521CAA38F400883E8F /* komeya4.png */,
				379FF7531CAA38F400883E8F /* komeya5.png */,
				379FF7541CAA38F400883E8F /* komeya6.png */,
				379FF7551CAA38F400883E8F /* logo.png */,
				379FF7561CAA38F400883E8F /* makimono.png */,
				379FF7571CAA38F400883E8F /* marugaoa.png */,
				379FF7581CAA38F400883E8F /* menubg.png */,
				379FF7591CAA38F400883E8F /* ordericon.png */,
				379FF75A1CAA38F400883E8F /* questionicon.png */,
				379FF75B1CAA38F400883E8F /* settingicon.png */,
				379FF75C1CAA38F400883E8F /* yazirusi.jpg */,
				379FF75D1CAA38F400883E8F /* yazirusi.png */,
			);
			path = Img;
			sourceTree = SOURCE_ROOT;
		};
		385E1D7328207096617B30CC /* Frameworks */ = {
			isa = PBXGroup;
			children = (
				87BDC6B262548A8D0331DB15 /* libPods-terumi.a */,
			);
			name = Frameworks;
			sourceTree = "<group>";
		};
		69670D5CEC971E96E35DF42A /* Pods */ = {
			isa = PBXGroup;
			children = (
				15B73E07C2EAC29B1255931F /* Pods.debug.xcconfig */,
				CC7197255BEB3CD8EFE57DC9 /* Pods.release.xcconfig */,
				0BC8AA7288BA670E12823982 /* Pods-terumi.debug.xcconfig */,
				F19D13EA9321B575BA6068EA /* Pods-terumi.release.xcconfig */,
			);
			name = Pods;
			sourceTree = "<group>";
		};
/* End PBXGroup section */

/* Begin PBXNativeTarget section */
		371032951CA5198D00E76D9A /* terumi */ = {
			isa = PBXNativeTarget;
			buildConfigurationList = 371032C31CA5198D00E76D9A /* Build configuration list for PBXNativeTarget "terumi" */;
			buildPhases = (
				71120759B95E2606EF223679 /* [CP] Check Pods Manifest.lock */,
				371032921CA5198D00E76D9A /* Sources */,
				371032931CA5198D00E76D9A /* Frameworks */,
				371032941CA5198D00E76D9A /* Resources */,
				3F570D5A79B00E1DB050E9DA /* [CP] Embed Pods Frameworks */,
				D5FD6471AF20B2AE62FA066B /* [CP] Copy Pods Resources */,
			);
			buildRules = (
			);
			dependencies = (
			);
			name = terumi;
			productName = terumi;
			productReference = 371032961CA5198D00E76D9A /* terumi.app */;
			productType = "com.apple.product-type.application";
		};
		371032AE1CA5198D00E76D9A /* terumiTests */ = {
			isa = PBXNativeTarget;
			buildConfigurationList = 371032C61CA5198D00E76D9A /* Build configuration list for PBXNativeTarget "terumiTests" */;
			buildPhases = (
				371032AB1CA5198D00E76D9A /* Sources */,
				371032AC1CA5198D00E76D9A /* Frameworks */,
				371032AD1CA5198D00E76D9A /* Resources */,
			);
			buildRules = (
			);
			dependencies = (
				371032B11CA5198D00E76D9A /* PBXTargetDependency */,
			);
			name = terumiTests;
			productName = terumiTests;
			productReference = 371032AF1CA5198D00E76D9A /* terumiTests.xctest */;
			productType = "com.apple.product-type.bundle.unit-test";
		};
		371032B91CA5198D00E76D9A /* terumiUITests */ = {
			isa = PBXNativeTarget;
			buildConfigurationList = 371032C91CA5198D00E76D9A /* Build configuration list for PBXNativeTarget "terumiUITests" */;
			buildPhases = (
				371032B61CA5198D00E76D9A /* Sources */,
				371032B71CA5198D00E76D9A /* Frameworks */,
				371032B81CA5198D00E76D9A /* Resources */,
			);
			buildRules = (
			);
			dependencies = (
				371032BC1CA5198D00E76D9A /* PBXTargetDependency */,
			);
			name = terumiUITests;
			productName = terumiUITests;
			productReference = 371032BA1CA5198D00E76D9A /* terumiUITests.xctest */;
			productType = "com.apple.product-type.bundle.ui-testing";
		};
/* End PBXNativeTarget section */

/* Begin PBXProject section */
		3710328E1CA5198D00E76D9A /* Project object */ = {
			isa = PBXProject;
			attributes = {
				LastUpgradeCheck = 0720;
				ORGANIZATIONNAME = jokerpiece;
				TargetAttributes = {
					371032951CA5198D00E76D9A = {
						CreatedOnToolsVersion = 7.2.1;
						DevelopmentTeam = MCM25T6BXG;
						SystemCapabilities = {
							com.apple.BackgroundModes = {
								enabled = 1;
							};
							com.apple.Push = {
								enabled = 0;
							};
						};
					};
					371032AE1CA5198D00E76D9A = {
						CreatedOnToolsVersion = 7.2.1;
						TestTargetID = 371032951CA5198D00E76D9A;
					};
					371032B91CA5198D00E76D9A = {
						CreatedOnToolsVersion = 7.2.1;
						TestTargetID = 371032951CA5198D00E76D9A;
					};
				};
			};
			buildConfigurationList = 371032911CA5198D00E76D9A /* Build configuration list for PBXProject "terumi" */;
			compatibilityVersion = "Xcode 3.2";
			developmentRegion = English;
			hasScannedForEncodings = 0;
			knownRegions = (
				en,
				Base,
			);
			mainGroup = 3710328D1CA5198D00E76D9A;
			productRefGroup = 371032971CA5198D00E76D9A /* Products */;
			projectDirPath = "";
			projectRoot = "";
			targets = (
				371032951CA5198D00E76D9A /* terumi */,
				371032AE1CA5198D00E76D9A /* terumiTests */,
				371032B91CA5198D00E76D9A /* terumiUITests */,
			);
		};
/* End PBXProject section */

/* Begin PBXResourcesBuildPhase section */
		371032941CA5198D00E76D9A /* Resources */ = {
			isa = PBXResourcesBuildPhase;
			buildActionMask = 2147483647;
			files = (
				379FF7851CAA38F400883E8F /* yazirusi.jpg in Resources */,
				379FF7771CAA38F400883E8F /* kometubu@2x.png in Resources */,
				24FC6E081CC0C34400B8B793 /* TutorialBatteryViewController.xib in Resources */,
				379FF77F1CAA38F400883E8F /* makimono.png in Resources */,
				379FF7671CAA38F400883E8F /* icon@120.png in Resources */,
				3710331F1CA53B1300E76D9A /* digital-7 (mono).ttf in Resources */,
				379FF7601CAA38F400883E8F /* btn2.png in Resources */,
				379FF75E1CAA38F400883E8F /* battery_tutorial1.jpg in Resources */,
				379FF77D1CAA38F400883E8F /* komeya6.png in Resources */,
				379FF7781CAA38F400883E8F /* komeya1.png in Resources */,
				379FF7811CAA38F400883E8F /* menubg.png in Resources */,
				24FC6DFC1CC0BDA100B8B793 /* SelectRiceShopViewController.xib in Resources */,
				371032A91CA5198D00E76D9A /* LaunchScreen.storyboard in Resources */,
				379FF7611CAA38F400883E8F /* btn3.png in Resources */,
				371033001CA51B5A00E76D9A /* SensorSettingViewController.xib in Resources */,
				379FF7691CAA38F400883E8F /* icon@40.png in Resources */,
				37B1D8921DBDDA590062BC61 /* SelectRiceHeaderView.xib in Resources */,
				379FF7801CAA38F400883E8F /* marugaoa.png in Resources */,
				24FC6E2F1CC710D700B8B793 /* SettlementOthersViewController.xib in Resources */,
				379FF77B1CAA38F400883E8F /* komeya4.png in Resources */,
				371033021CA51B5A00E76D9A /* SettlementViewController.xib in Resources */,
				379FF7751CAA38F400883E8F /* kome7.png in Resources */,
				24FC6E471CC9B8DF00B8B793 /* menu_Preview.png in Resources */,
				24FC6E251CC49E4A00B8B793 /* ApprovalSettlementViewController.xib in Resources */,
				379FF7661CAA38F400883E8F /* graff_back.png in Resources */,
				24FC6DD61CBF7CC500B8B793 /* LnitialMenuViewController.xib in Resources */,
				379FF7761CAA38F400883E8F /* kometubu.png in Resources */,
				379FF7681CAA38F400883E8F /* icon@180.png in Resources */,
				371032FE1CA51B5A00E76D9A /* SencorViewController.xib in Resources */,
				379FF7841CAA38F400883E8F /* settingicon.png in Resources */,
				379FF77C1CAA38F400883E8F /* komeya5.png in Resources */,
				371032A61CA5198D00E76D9A /* Assets.xcassets in Resources */,
				379FF77A1CAA38F400883E8F /* komeya3.png in Resources */,
				371032F81CA51B5A00E76D9A /* infoViewController.xib in Resources */,
				379FF76C1CAA38F400883E8F /* icon@87.png in Resources */,
				379FF7791CAA38F400883E8F /* komeya2.png in Resources */,
				379FF7821CAA38F400883E8F /* ordericon.png in Resources */,
				379FF77E1CAA38F400883E8F /* logo.png in Resources */,
				371032F31CA51B5A00E76D9A /* TutorialBatteryView.xib in Resources */,
				379FF7831CAA38F400883E8F /* questionicon.png in Resources */,
				379FF7861CAA38F400883E8F /* yazirusi.png in Resources */,
				379FF76E1CAA38F400883E8F /* kiri.jpg in Resources */,
				24FC6E481CC9B8DF00B8B793 /* terumi_Id.png in Resources */,
				379FF7621CAA38F400883E8F /* btn4.png in Resources */,
				379FF7651CAA38F400883E8F /* Default@2x.png in Resources */,
				24FC6E441CC8960000B8B793 /* FindingTerumiIdViewController.xib in Resources */,
				379FF7731CAA38F400883E8F /* kome5.png in Resources */,
				24FC6DE71CC0A39000B8B793 /* ShippingAddressViewController.xib in Resources */,
				379FF76B1CAA38F400883E8F /* icon@80.png in Resources */,
				379FF7631CAA38F400883E8F /* Default-568h@2x.png in Resources */,
				24FC6E191CC0D1F600B8B793 /* SendPaymentPermitViewController.xib in Resources */,
				379FF7741CAA38F400883E8F /* kome6.png in Resources */,
				379FF76F1CAA38F400883E8F /* kome1.png in Resources */,
				379FF7711CAA38F400883E8F /* kome3.png in Resources */,
				24FC6E341CC7197A00B8B793 /* RiceSelectTableViewCell.xib in Resources */,
				24FC6E1F1CC49E0200B8B793 /* ConfirmationTerumiIdViewController.xib in Resources */,
				379FF76A1CAA38F400883E8F /* icon@58.png in Resources */,
				379FF76D1CAA38F400883E8F /* images.jpg in Resources */,
				371032FA1CA51B5A00E76D9A /* MenuViewController.xib in Resources */,
				37B1D8941DBDDA590062BC61 /* SelectRiceTableCellTableViewCell.xib in Resources */,
				24FC6E011CC0BDFB00B8B793 /* SelectPayerViewController.xib in Resources */,
				379FF7701CAA38F400883E8F /* kome2.png in Resources */,
				379FF75F1CAA38F400883E8F /* btn1.png in Resources */,
				371032F51CA51B5A00E76D9A /* TutorialSettiView.xib in Resources */,
				379FF7721CAA38F400883E8F /* kome4.png in Resources */,
				371033201CA53B1300E76D9A /* 衡山毛筆フォント.ttf in Resources */,
				24FC6E0D1CC0C36300B8B793 /* TutorialSettiViewController.xib in Resources */,
				371032FC1CA51B5A00E76D9A /* SelectRiceViewController.xib in Resources */,
				379FF7641CAA38F400883E8F /* Default.png in Resources */,
			);
			runOnlyForDeploymentPostprocessing = 0;
		};
		371032AD1CA5198D00E76D9A /* Resources */ = {
			isa = PBXResourcesBuildPhase;
			buildActionMask = 2147483647;
			files = (
			);
			runOnlyForDeploymentPostprocessing = 0;
		};
		371032B81CA5198D00E76D9A /* Resources */ = {
			isa = PBXResourcesBuildPhase;
			buildActionMask = 2147483647;
			files = (
			);
			runOnlyForDeploymentPostprocessing = 0;
		};
/* End PBXResourcesBuildPhase section */

/* Begin PBXShellScriptBuildPhase section */
		3F570D5A79B00E1DB050E9DA /* [CP] Embed Pods Frameworks */ = {
			isa = PBXShellScriptBuildPhase;
			buildActionMask = 2147483647;
			files = (
			);
			inputPaths = (
			);
			name = "[CP] Embed Pods Frameworks";
			outputPaths = (
			);
			runOnlyForDeploymentPostprocessing = 0;
			shellPath = /bin/sh;
			shellScript = "\"${SRCROOT}/Pods/Target Support Files/Pods-terumi/Pods-terumi-frameworks.sh\"\n";
			showEnvVarsInLog = 0;
		};
		71120759B95E2606EF223679 /* [CP] Check Pods Manifest.lock */ = {
			isa = PBXShellScriptBuildPhase;
			buildActionMask = 2147483647;
			files = (
			);
			inputPaths = (
			);
			name = "[CP] Check Pods Manifest.lock";
			outputPaths = (
			);
			runOnlyForDeploymentPostprocessing = 0;
			shellPath = /bin/sh;
			shellScript = "diff \"${PODS_ROOT}/../Podfile.lock\" \"${PODS_ROOT}/Manifest.lock\" > /dev/null\nif [[ $? != 0 ]] ; then\n    cat << EOM\nerror: The sandbox is not in sync with the Podfile.lock. Run 'pod install' or update your CocoaPods installation.\nEOM\n    exit 1\nfi\n";
			showEnvVarsInLog = 0;
		};
		D5FD6471AF20B2AE62FA066B /* [CP] Copy Pods Resources */ = {
			isa = PBXShellScriptBuildPhase;
			buildActionMask = 2147483647;
			files = (
			);
			inputPaths = (
			);
			name = "[CP] Copy Pods Resources";
			outputPaths = (
			);
			runOnlyForDeploymentPostprocessing = 0;
			shellPath = /bin/sh;
			shellScript = "\"${SRCROOT}/Pods/Target Support Files/Pods-terumi/Pods-terumi-resources.sh\"\n";
			showEnvVarsInLog = 0;
		};
/* End PBXShellScriptBuildPhase section */

/* Begin PBXSourcesBuildPhase section */
		371032921CA5198D00E76D9A /* Sources */ = {
			isa = PBXSourcesBuildPhase;
			buildActionMask = 2147483647;
			files = (
				24FC6E2E1CC710D700B8B793 /* SettlementOthersViewController.m in Sources */,
				24FC6E431CC8960000B8B793 /* FindingTerumiIdViewController.m in Sources */,
				371032F21CA51B5A00E76D9A /* TutorialBatteryView.m in Sources */,
				24FC6DE61CC0A39000B8B793 /* ShippingAddressViewController.m in Sources */,
				3710329E1CA5198D00E76D9A /* AppDelegate.m in Sources */,
				24FC6DD51CBF7CC500B8B793 /* LnitialMenuViewController.m in Sources */,
				371032F71CA51B5A00E76D9A /* infoViewController.m in Sources */,
				24FC6E241CC49E4A00B8B793 /* ApprovalSettlementViewController.m in Sources */,
				371033151CA51B8400E76D9A /* BLEConnector.m in Sources */,
				371032FD1CA51B5A00E76D9A /* SencorViewController.m in Sources */,
				371032F41CA51B5A00E76D9A /* TutorialSettiView.m in Sources */,
				24FC6E331CC7197A00B8B793 /* RiceSelectTableViewCell.m in Sources */,
				24FC6E0C1CC0C36300B8B793 /* TutorialSettiViewController.m in Sources */,
				3710331B1CA531C800E76D9A /* BaseDistanceSencorViewController.m in Sources */,
				24FC6E181CC0D1F600B8B793 /* SendPaymentPermitViewController.m in Sources */,
				371033011CA51B5A00E76D9A /* SettlementViewController.m in Sources */,
				371032F91CA51B5A00E76D9A /* MenuViewController.m in Sources */,
				37B1D8911DBDDA590062BC61 /* SelectRiceHeaderView.m in Sources */,
				371033071CA51B6500E76D9A /* DistanceSencorData.m in Sources */,
				37B1D8931DBDDA590062BC61 /* SelectRiceTableCellTableViewCell.m in Sources */,
				371033161CA51B8400E76D9A /* BaseSencorViewController.m in Sources */,
				24FC6DFB1CC0BDA100B8B793 /* SelectRiceShopViewController.m in Sources */,
				24FC6E001CC0BDFB00B8B793 /* SelectPayerViewController.m in Sources */,
				24FC6E071CC0C34400B8B793 /* TutorialBatteryViewController.m in Sources */,
				24FC6E1E1CC49E0200B8B793 /* ConfirmationTerumiIdViewController.m in Sources */,
				3710329B1CA5198D00E76D9A /* main.m in Sources */,
				371032FB1CA51B5A00E76D9A /* SelectRiceViewController.m in Sources */,
				371032FF1CA51B5A00E76D9A /* SensorSettingViewController.m in Sources */,
			);
			runOnlyForDeploymentPostprocessing = 0;
		};
		371032AB1CA5198D00E76D9A /* Sources */ = {
			isa = PBXSourcesBuildPhase;
			buildActionMask = 2147483647;
			files = (
				371032B41CA5198D00E76D9A /* terumiTests.m in Sources */,
			);
			runOnlyForDeploymentPostprocessing = 0;
		};
		371032B61CA5198D00E76D9A /* Sources */ = {
			isa = PBXSourcesBuildPhase;
			buildActionMask = 2147483647;
			files = (
				371032BF1CA5198D00E76D9A /* terumiUITests.m in Sources */,
			);
			runOnlyForDeploymentPostprocessing = 0;
		};
/* End PBXSourcesBuildPhase section */

/* Begin PBXTargetDependency section */
		371032B11CA5198D00E76D9A /* PBXTargetDependency */ = {
			isa = PBXTargetDependency;
			target = 371032951CA5198D00E76D9A /* terumi */;
			targetProxy = 371032B01CA5198D00E76D9A /* PBXContainerItemProxy */;
		};
		371032BC1CA5198D00E76D9A /* PBXTargetDependency */ = {
			isa = PBXTargetDependency;
			target = 371032951CA5198D00E76D9A /* terumi */;
			targetProxy = 371032BB1CA5198D00E76D9A /* PBXContainerItemProxy */;
		};
/* End PBXTargetDependency section */

/* Begin PBXVariantGroup section */
		371032A71CA5198D00E76D9A /* LaunchScreen.storyboard */ = {
			isa = PBXVariantGroup;
			children = (
				371032A81CA5198D00E76D9A /* Base */,
			);
			name = LaunchScreen.storyboard;
			sourceTree = "<group>";
		};
/* End PBXVariantGroup section */

/* Begin XCBuildConfiguration section */
		371032C11CA5198D00E76D9A /* Debug */ = {
			isa = XCBuildConfiguration;
			buildSettings = {
				ALWAYS_SEARCH_USER_PATHS = NO;
				CLANG_CXX_LANGUAGE_STANDARD = "gnu++0x";
				CLANG_CXX_LIBRARY = "libc++";
				CLANG_ENABLE_MODULES = YES;
				CLANG_ENABLE_OBJC_ARC = YES;
				CLANG_WARN_BOOL_CONVERSION = YES;
				CLANG_WARN_CONSTANT_CONVERSION = YES;
				CLANG_WARN_DIRECT_OBJC_ISA_USAGE = YES_ERROR;
				CLANG_WARN_EMPTY_BODY = YES;
				CLANG_WARN_ENUM_CONVERSION = YES;
				CLANG_WARN_INT_CONVERSION = YES;
				CLANG_WARN_OBJC_ROOT_CLASS = YES_ERROR;
				CLANG_WARN_UNREACHABLE_CODE = YES;
				CLANG_WARN__DUPLICATE_METHOD_MATCH = YES;
				"CODE_SIGN_IDENTITY[sdk=iphoneos*]" = "iPhone Developer";
				COPY_PHASE_STRIP = NO;
				DEBUG_INFORMATION_FORMAT = dwarf;
				ENABLE_STRICT_OBJC_MSGSEND = YES;
				ENABLE_TESTABILITY = YES;
				GCC_C_LANGUAGE_STANDARD = gnu99;
				GCC_DYNAMIC_NO_PIC = NO;
				GCC_NO_COMMON_BLOCKS = YES;
				GCC_OPTIMIZATION_LEVEL = 0;
				GCC_PREPROCESSOR_DEFINITIONS = (
					"DEBUG=1",
					"$(inherited)",
				);
				GCC_WARN_64_TO_32_BIT_CONVERSION = YES;
				GCC_WARN_ABOUT_RETURN_TYPE = YES_ERROR;
				GCC_WARN_UNDECLARED_SELECTOR = YES;
				GCC_WARN_UNINITIALIZED_AUTOS = YES_AGGRESSIVE;
				GCC_WARN_UNUSED_FUNCTION = YES;
				GCC_WARN_UNUSED_VARIABLE = YES;
				IPHONEOS_DEPLOYMENT_TARGET = 9.2;
				MTL_ENABLE_DEBUG_INFO = YES;
				ONLY_ACTIVE_ARCH = YES;
				SDKROOT = iphoneos;
			};
			name = Debug;
		};
		371032C21CA5198D00E76D9A /* Release */ = {
			isa = XCBuildConfiguration;
			buildSettings = {
				ALWAYS_SEARCH_USER_PATHS = NO;
				CLANG_CXX_LANGUAGE_STANDARD = "gnu++0x";
				CLANG_CXX_LIBRARY = "libc++";
				CLANG_ENABLE_MODULES = YES;
				CLANG_ENABLE_OBJC_ARC = YES;
				CLANG_WARN_BOOL_CONVERSION = YES;
				CLANG_WARN_CONSTANT_CONVERSION = YES;
				CLANG_WARN_DIRECT_OBJC_ISA_USAGE = YES_ERROR;
				CLANG_WARN_EMPTY_BODY = YES;
				CLANG_WARN_ENUM_CONVERSION = YES;
				CLANG_WARN_INT_CONVERSION = YES;
				CLANG_WARN_OBJC_ROOT_CLASS = YES_ERROR;
				CLANG_WARN_UNREACHABLE_CODE = YES;
				CLANG_WARN__DUPLICATE_METHOD_MATCH = YES;
				"CODE_SIGN_IDENTITY[sdk=iphoneos*]" = "iPhone Developer";
				COPY_PHASE_STRIP = NO;
				DEBUG_INFORMATION_FORMAT = "dwarf-with-dsym";
				ENABLE_NS_ASSERTIONS = NO;
				ENABLE_STRICT_OBJC_MSGSEND = YES;
				GCC_C_LANGUAGE_STANDARD = gnu99;
				GCC_NO_COMMON_BLOCKS = YES;
				GCC_WARN_64_TO_32_BIT_CONVERSION = YES;
				GCC_WARN_ABOUT_RETURN_TYPE = YES_ERROR;
				GCC_WARN_UNDECLARED_SELECTOR = YES;
				GCC_WARN_UNINITIALIZED_AUTOS = YES_AGGRESSIVE;
				GCC_WARN_UNUSED_FUNCTION = YES;
				GCC_WARN_UNUSED_VARIABLE = YES;
				IPHONEOS_DEPLOYMENT_TARGET = 9.2;
				MTL_ENABLE_DEBUG_INFO = NO;
				SDKROOT = iphoneos;
				VALIDATE_PRODUCT = YES;
			};
			name = Release;
		};
		371032C41CA5198D00E76D9A /* Debug */ = {
			isa = XCBuildConfiguration;
			baseConfigurationReference = 0BC8AA7288BA670E12823982 /* Pods-terumi.debug.xcconfig */;
			buildSettings = {
				ASSETCATALOG_COMPILER_APPICON_NAME = AppIcon;
				ASSETCATALOG_COMPILER_LAUNCHIMAGE_NAME = LaunchImage;
				CODE_SIGN_IDENTITY = "iPhone Developer";
				"CODE_SIGN_IDENTITY[sdk=iphoneos*]" = "iPhone Developer";
				ENABLE_BITCODE = NO;
				INFOPLIST_FILE = terumi/Info.plist;
				IPHONEOS_DEPLOYMENT_TARGET = 8.3;
				LD_RUNPATH_SEARCH_PATHS = "$(inherited) @executable_path/Frameworks";
				PRODUCT_BUNDLE_IDENTIFIER = jp.co.jokerpiece.terumi;
				PRODUCT_NAME = "$(TARGET_NAME)";
				PROVISIONING_PROFILE = "";
			};
			name = Debug;
		};
		371032C51CA5198D00E76D9A /* Release */ = {
			isa = XCBuildConfiguration;
			baseConfigurationReference = F19D13EA9321B575BA6068EA /* Pods-terumi.release.xcconfig */;
			buildSettings = {
				ASSETCATALOG_COMPILER_APPICON_NAME = AppIcon;
				ASSETCATALOG_COMPILER_LAUNCHIMAGE_NAME = LaunchImage;
				CODE_SIGN_IDENTITY = "iPhone Developer";
				"CODE_SIGN_IDENTITY[sdk=iphoneos*]" = "iPhone Developer";
				ENABLE_BITCODE = NO;
				INFOPLIST_FILE = terumi/Info.plist;
				IPHONEOS_DEPLOYMENT_TARGET = 8.3;
				LD_RUNPATH_SEARCH_PATHS = "$(inherited) @executable_path/Frameworks";
				PRODUCT_BUNDLE_IDENTIFIER = jp.co.jokerpiece.terumi;
				PRODUCT_NAME = "$(TARGET_NAME)";
				PROVISIONING_PROFILE = "";
			};
			name = Release;
		};
		371032C71CA5198D00E76D9A /* Debug */ = {
			isa = XCBuildConfiguration;
			buildSettings = {
				BUNDLE_LOADER = "$(TEST_HOST)";
				INFOPLIST_FILE = terumiTests/Info.plist;
				LD_RUNPATH_SEARCH_PATHS = "$(inherited) @executable_path/Frameworks @loader_path/Frameworks";
				PRODUCT_BUNDLE_IDENTIFIER = jp.co.jokerpiece.terumiTests;
				PRODUCT_NAME = "$(TARGET_NAME)";
				TEST_HOST = "$(BUILT_PRODUCTS_DIR)/terumi.app/terumi";
			};
			name = Debug;
		};
		371032C81CA5198D00E76D9A /* Release */ = {
			isa = XCBuildConfiguration;
			buildSettings = {
				BUNDLE_LOADER = "$(TEST_HOST)";
				INFOPLIST_FILE = terumiTests/Info.plist;
				LD_RUNPATH_SEARCH_PATHS = "$(inherited) @executable_path/Frameworks @loader_path/Frameworks";
				PRODUCT_BUNDLE_IDENTIFIER = jp.co.jokerpiece.terumiTests;
				PRODUCT_NAME = "$(TARGET_NAME)";
				TEST_HOST = "$(BUILT_PRODUCTS_DIR)/terumi.app/terumi";
			};
			name = Release;
		};
		371032CA1CA5198D00E76D9A /* Debug */ = {
			isa = XCBuildConfiguration;
			buildSettings = {
				INFOPLIST_FILE = terumiUITests/Info.plist;
				LD_RUNPATH_SEARCH_PATHS = "$(inherited) @executable_path/Frameworks @loader_path/Frameworks";
				PRODUCT_BUNDLE_IDENTIFIER = jp.co.jokerpiece.terumiUITests;
				PRODUCT_NAME = "$(TARGET_NAME)";
				TEST_TARGET_NAME = terumi;
				USES_XCTRUNNER = YES;
			};
			name = Debug;
		};
		371032CB1CA5198D00E76D9A /* Release */ = {
			isa = XCBuildConfiguration;
			buildSettings = {
				INFOPLIST_FILE = terumiUITests/Info.plist;
				LD_RUNPATH_SEARCH_PATHS = "$(inherited) @executable_path/Frameworks @loader_path/Frameworks";
				PRODUCT_BUNDLE_IDENTIFIER = jp.co.jokerpiece.terumiUITests;
				PRODUCT_NAME = "$(TARGET_NAME)";
				TEST_TARGET_NAME = terumi;
				USES_XCTRUNNER = YES;
			};
			name = Release;
		};
/* End XCBuildConfiguration section */

/* Begin XCConfigurationList section */
		371032911CA5198D00E76D9A /* Build configuration list for PBXProject "terumi" */ = {
			isa = XCConfigurationList;
			buildConfigurations = (
				371032C11CA5198D00E76D9A /* Debug */,
				371032C21CA5198D00E76D9A /* Release */,
			);
			defaultConfigurationIsVisible = 0;
			defaultConfigurationName = Release;
		};
		371032C31CA5198D00E76D9A /* Build configuration list for PBXNativeTarget "terumi" */ = {
			isa = XCConfigurationList;
			buildConfigurations = (
				371032C41CA5198D00E76D9A /* Debug */,
				371032C51CA5198D00E76D9A /* Release */,
			);
			defaultConfigurationIsVisible = 0;
			defaultConfigurationName = Release;
		};
		371032C61CA5198D00E76D9A /* Build configuration list for PBXNativeTarget "terumiTests" */ = {
			isa = XCConfigurationList;
			buildConfigurations = (
				371032C71CA5198D00E76D9A /* Debug */,
				371032C81CA5198D00E76D9A /* Release */,
			);
			defaultConfigurationIsVisible = 0;
			defaultConfigurationName = Release;
		};
		371032C91CA5198D00E76D9A /* Build configuration list for PBXNativeTarget "terumiUITests" */ = {
			isa = XCConfigurationList;
			buildConfigurations = (
				371032CA1CA5198D00E76D9A /* Debug */,
				371032CB1CA5198D00E76D9A /* Release */,
			);
			defaultConfigurationIsVisible = 0;
			defaultConfigurationName = Release;
		};
/* End XCConfigurationList section */
	};
	rootObject = 3710328E1CA5198D00E76D9A /* Project object */;
}
